
Microsoft Visual Studio Solution File, Format Version 12.00
# Visual Studio Version 17
VisualStudioVersion = 17.1.32421.90
MinimumVisualStudioVersion = 10.0.40219.1
Project("{2150E333-8FDC-42A3-9474-1A3956D46DE8}") = "ShopManagement", "ShopManagement", "{902AB4C1-E49C-4E6F-A08E-384B3374F2D5}"
EndProject
Project("{2150E333-8FDC-42A3-9474-1A3956D46DE8}") = "SM.Domain", "SM.Domain", "{2EE730FE-3B69-4C91-9142-3A28AD26FD8D}"
EndProject
Project("{9A19103F-16F7-4668-BE54-9A1E7A4F7556}") = "ShopManagement.Domain", "ShopManagement.Domain\ShopManagement.Domain.csproj", "{D813B58F-5FB5-410A-B44B-F815DE3D5F95}"
EndProject
Project("{9A19103F-16F7-4668-BE54-9A1E7A4F7556}") = "0_Framwork", "0_Framwork\0_Framwork.csproj", "{905E9D6C-0A6E-43C2-AFB5-39724EFBDD28}"
EndProject
Project("{2150E333-8FDC-42A3-9474-1A3956D46DE8}") = "SM.Application", "SM.Application", "{5001C35D-11D8-415F-BEE1-F4AC8C9C602A}"
EndProject
Project("{9A19103F-16F7-4668-BE54-9A1E7A4F7556}") = "ShopManagement.Application.Contracts", "ShopManagement.Application.Contracts\ShopManagement.Application.Contracts.csproj", "{D624064C-7CF1-48A9-80BC-8D7FEBB0E7C2}"
EndProject
Project("{9A19103F-16F7-4668-BE54-9A1E7A4F7556}") = "ShopManegement.Application", "ShopManegement.Application\ShopManegement.Application.csproj", "{F49E6D8F-720E-4E5E-BA8F-3C8BE9A0F284}"
EndProject
Project("{2150E333-8FDC-42A3-9474-1A3956D46DE8}") = "SM.Infrastracture", "SM.Infrastracture", "{269A5BA3-2FB6-4A45-81FC-B1CA5DBB436E}"
EndProject
Project("{9A19103F-16F7-4668-BE54-9A1E7A4F7556}") = "ShopManegement.Infrastracture.EFCore", "ShopManegement.Infrastracture.EFCore\ShopManegement.Infrastracture.EFCore.csproj", "{E1EB43DD-0EC8-48D4-8F31-421330B24D16}"
EndProject
Project("{9A19103F-16F7-4668-BE54-9A1E7A4F7556}") = "ServicesHost", "ServicesHost\ServicesHost.csproj", "{F967E9DC-FB94-4EE2-BC46-07F400A9DC93}"
EndProject
Project("{9A19103F-16F7-4668-BE54-9A1E7A4F7556}") = "Shopmanagement.Configoration", "Shopmanagement.Configoration\Shopmanagement.Configoration.csproj", "{64046B0D-5E7E-4DA5-AB94-1C261A1A3AA6}"
EndProject
Project("{9A19103F-16F7-4668-BE54-9A1E7A4F7556}") = "01_LampShadeQuery", "01_LampShadeQuery\01_LampShadeQuery.csproj", "{5364756C-6045-428E-82D1-0B90E8B1C530}"
EndProject
Project("{2150E333-8FDC-42A3-9474-1A3956D46DE8}") = "DiscountManagement", "DiscountManagement", "{688D59C5-22E8-4544-ADB3-4295CB994186}"
EndProject
Project("{2150E333-8FDC-42A3-9474-1A3956D46DE8}") = "DM.Domain", "DM.Domain", "{B02B3938-5C9C-4878-9C95-08A3676EFB7D}"
EndProject
Project("{9A19103F-16F7-4668-BE54-9A1E7A4F7556}") = "Discount.Management.Domain", "Discount.Management.Domain\Discount.Management.Domain.csproj", "{6742E967-0097-4D8D-81D9-C51AF3A82A0E}"
EndProject
Project("{2150E333-8FDC-42A3-9474-1A3956D46DE8}") = "DM.Application", "DM.Application", "{DF794671-B068-4C57-BD26-ADF7E564D0A5}"
EndProject
Project("{9A19103F-16F7-4668-BE54-9A1E7A4F7556}") = "DiscountManagement.Application.Contract", "DiscountManagement.Application.Contract\DiscountManagement.Application.Contract.csproj", "{49B79176-73E7-49E1-8952-C1371A3E1B8C}"
EndProject
Project("{9A19103F-16F7-4668-BE54-9A1E7A4F7556}") = "DiscountManagement.Application", "DiscountManagement.Application\DiscountManagement.Application.csproj", "{DD8B782B-8A5C-4271-8322-3A70CBFC8EDD}"
EndProject
Project("{2150E333-8FDC-42A3-9474-1A3956D46DE8}") = "DM.Infrastracture", "DM.Infrastracture", "{FDE7F436-54B8-4EC8-808C-7549C3310BCE}"
EndProject
Project("{9A19103F-16F7-4668-BE54-9A1E7A4F7556}") = "DiscountManagement.Infrastracture.EfCore", "DiscountManagement.Infrastracture.EfCore\DiscountManagement.Infrastracture.EfCore.csproj", "{0D5FEF16-2BBC-4817-A00D-DAD07B81156B}"
EndProject
Project("{FAE04EC0-301F-11D3-BF4B-00C04F79EFBC}") = "DiscountManagementConfiguration.Bootstrapper", "DiscountManagementConfiguration.Bootstrapper\DiscountManagementConfiguration.Bootstrapper.csproj", "{933711EB-8310-4E96-B5CF-D2F37F27399F}"
EndProject
Global
	GlobalSection(SolutionConfigurationPlatforms) = preSolution
		Debug|Any CPU = Debug|Any CPU
		Debug|x64 = Debug|x64
		Debug|x86 = Debug|x86
		Release|Any CPU = Release|Any CPU
		Release|x64 = Release|x64
		Release|x86 = Release|x86
	EndGlobalSection
	GlobalSection(ProjectConfigurationPlatforms) = postSolution
		{D813B58F-5FB5-410A-B44B-F815DE3D5F95}.Debug|Any CPU.ActiveCfg = Debug|Any CPU
		{D813B58F-5FB5-410A-B44B-F815DE3D5F95}.Debug|Any CPU.Build.0 = Debug|Any CPU
		{D813B58F-5FB5-410A-B44B-F815DE3D5F95}.Debug|x64.ActiveCfg = Debug|Any CPU
		{D813B58F-5FB5-410A-B44B-F815DE3D5F95}.Debug|x64.Build.0 = Debug|Any CPU
		{D813B58F-5FB5-410A-B44B-F815DE3D5F95}.Debug|x86.ActiveCfg = Debug|Any CPU
		{D813B58F-5FB5-410A-B44B-F815DE3D5F95}.Debug|x86.Build.0 = Debug|Any CPU
		{D813B58F-5FB5-410A-B44B-F815DE3D5F95}.Release|Any CPU.ActiveCfg = Release|Any CPU
		{D813B58F-5FB5-410A-B44B-F815DE3D5F95}.Release|Any CPU.Build.0 = Release|Any CPU
		{D813B58F-5FB5-410A-B44B-F815DE3D5F95}.Release|x64.ActiveCfg = Release|Any CPU
		{D813B58F-5FB5-410A-B44B-F815DE3D5F95}.Release|x64.Build.0 = Release|Any CPU
		{D813B58F-5FB5-410A-B44B-F815DE3D5F95}.Release|x86.ActiveCfg = Release|Any CPU
		{D813B58F-5FB5-410A-B44B-F815DE3D5F95}.Release|x86.Build.0 = Release|Any CPU
		{905E9D6C-0A6E-43C2-AFB5-39724EFBDD28}.Debug|Any CPU.ActiveCfg = Debug|Any CPU
		{905E9D6C-0A6E-43C2-AFB5-39724EFBDD28}.Debug|Any CPU.Build.0 = Debug|Any CPU
		{905E9D6C-0A6E-43C2-AFB5-39724EFBDD28}.Debug|x64.ActiveCfg = Debug|Any CPU
		{905E9D6C-0A6E-43C2-AFB5-39724EFBDD28}.Debug|x64.Build.0 = Debug|Any CPU
		{905E9D6C-0A6E-43C2-AFB5-39724EFBDD28}.Debug|x86.ActiveCfg = Debug|Any CPU
		{905E9D6C-0A6E-43C2-AFB5-39724EFBDD28}.Debug|x86.Build.0 = Debug|Any CPU
		{905E9D6C-0A6E-43C2-AFB5-39724EFBDD28}.Release|Any CPU.ActiveCfg = Release|Any CPU
		{905E9D6C-0A6E-43C2-AFB5-39724EFBDD28}.Release|Any CPU.Build.0 = Release|Any CPU
		{905E9D6C-0A6E-43C2-AFB5-39724EFBDD28}.Release|x64.ActiveCfg = Release|Any CPU
		{905E9D6C-0A6E-43C2-AFB5-39724EFBDD28}.Release|x64.Build.0 = Release|Any CPU
		{905E9D6C-0A6E-43C2-AFB5-39724EFBDD28}.Release|x86.ActiveCfg = Release|Any CPU
		{905E9D6C-0A6E-43C2-AFB5-39724EFBDD28}.Release|x86.Build.0 = Release|Any CPU
		{D624064C-7CF1-48A9-80BC-8D7FEBB0E7C2}.Debug|Any CPU.ActiveCfg = Debug|Any CPU
		{D624064C-7CF1-48A9-80BC-8D7FEBB0E7C2}.Debug|Any CPU.Build.0 = Debug|Any CPU
		{D624064C-7CF1-48A9-80BC-8D7FEBB0E7C2}.Debug|x64.ActiveCfg = Debug|Any CPU
		{D624064C-7CF1-48A9-80BC-8D7FEBB0E7C2}.Debug|x64.Build.0 = Debug|Any CPU
		{D624064C-7CF1-48A9-80BC-8D7FEBB0E7C2}.Debug|x86.ActiveCfg = Debug|Any CPU
		{D624064C-7CF1-48A9-80BC-8D7FEBB0E7C2}.Debug|x86.Build.0 = Debug|Any CPU
		{D624064C-7CF1-48A9-80BC-8D7FEBB0E7C2}.Release|Any CPU.ActiveCfg = Release|Any CPU
		{D624064C-7CF1-48A9-80BC-8D7FEBB0E7C2}.Release|Any CPU.Build.0 = Release|Any CPU
		{D624064C-7CF1-48A9-80BC-8D7FEBB0E7C2}.Release|x64.ActiveCfg = Release|Any CPU
		{D624064C-7CF1-48A9-80BC-8D7FEBB0E7C2}.Release|x64.Build.0 = Release|Any CPU
		{D624064C-7CF1-48A9-80BC-8D7FEBB0E7C2}.Release|x86.ActiveCfg = Release|Any CPU
		{D624064C-7CF1-48A9-80BC-8D7FEBB0E7C2}.Release|x86.Build.0 = Release|Any CPU
		{F49E6D8F-720E-4E5E-BA8F-3C8BE9A0F284}.Debug|Any CPU.ActiveCfg = Debug|Any CPU
		{F49E6D8F-720E-4E5E-BA8F-3C8BE9A0F284}.Debug|Any CPU.Build.0 = Debug|Any CPU
		{F49E6D8F-720E-4E5E-BA8F-3C8BE9A0F284}.Debug|x64.ActiveCfg = Debug|Any CPU
		{F49E6D8F-720E-4E5E-BA8F-3C8BE9A0F284}.Debug|x64.Build.0 = Debug|Any CPU
		{F49E6D8F-720E-4E5E-BA8F-3C8BE9A0F284}.Debug|x86.ActiveCfg = Debug|Any CPU
		{F49E6D8F-720E-4E5E-BA8F-3C8BE9A0F284}.Debug|x86.Build.0 = Debug|Any CPU
		{F49E6D8F-720E-4E5E-BA8F-3C8BE9A0F284}.Release|Any CPU.ActiveCfg = Release|Any CPU
		{F49E6D8F-720E-4E5E-BA8F-3C8BE9A0F284}.Release|Any CPU.Build.0 = Release|Any CPU
		{F49E6D8F-720E-4E5E-BA8F-3C8BE9A0F284}.Release|x64.ActiveCfg = Release|Any CPU
		{F49E6D8F-720E-4E5E-BA8F-3C8BE9A0F284}.Release|x64.Build.0 = Release|Any CPU
		{F49E6D8F-720E-4E5E-BA8F-3C8BE9A0F284}.Release|x86.ActiveCfg = Release|Any CPU
		{F49E6D8F-720E-4E5E-BA8F-3C8BE9A0F284}.Release|x86.Build.0 = Release|Any CPU
		{E1EB43DD-0EC8-48D4-8F31-421330B24D16}.Debug|Any CPU.ActiveCfg = Debug|Any CPU
		{E1EB43DD-0EC8-48D4-8F31-421330B24D16}.Debug|Any CPU.Build.0 = Debug|Any CPU
		{E1EB43DD-0EC8-48D4-8F31-421330B24D16}.Debug|x64.ActiveCfg = Debug|Any CPU
		{E1EB43DD-0EC8-48D4-8F31-421330B24D16}.Debug|x64.Build.0 = Debug|Any CPU
		{E1EB43DD-0EC8-48D4-8F31-421330B24D16}.Debug|x86.ActiveCfg = Debug|Any CPU
		{E1EB43DD-0EC8-48D4-8F31-421330B24D16}.Debug|x86.Build.0 = Debug|Any CPU
		{E1EB43DD-0EC8-48D4-8F31-421330B24D16}.Release|Any CPU.ActiveCfg = Release|Any CPU
		{E1EB43DD-0EC8-48D4-8F31-421330B24D16}.Release|Any CPU.Build.0 = Release|Any CPU
		{E1EB43DD-0EC8-48D4-8F31-421330B24D16}.Release|x64.ActiveCfg = Release|Any CPU
		{E1EB43DD-0EC8-48D4-8F31-421330B24D16}.Release|x64.Build.0 = Release|Any CPU
		{E1EB43DD-0EC8-48D4-8F31-421330B24D16}.Release|x86.ActiveCfg = Release|Any CPU
		{E1EB43DD-0EC8-48D4-8F31-421330B24D16}.Release|x86.Build.0 = Release|Any CPU
		{F967E9DC-FB94-4EE2-BC46-07F400A9DC93}.Debug|Any CPU.ActiveCfg = Debug|Any CPU
		{F967E9DC-FB94-4EE2-BC46-07F400A9DC93}.Debug|Any CPU.Build.0 = Debug|Any CPU
		{F967E9DC-FB94-4EE2-BC46-07F400A9DC93}.Debug|x64.ActiveCfg = Debug|Any CPU
		{F967E9DC-FB94-4EE2-BC46-07F400A9DC93}.Debug|x64.Build.0 = Debug|Any CPU
		{F967E9DC-FB94-4EE2-BC46-07F400A9DC93}.Debug|x86.ActiveCfg = Debug|Any CPU
		{F967E9DC-FB94-4EE2-BC46-07F400A9DC93}.Debug|x86.Build.0 = Debug|Any CPU
		{F967E9DC-FB94-4EE2-BC46-07F400A9DC93}.Release|Any CPU.ActiveCfg = Release|Any CPU
		{F967E9DC-FB94-4EE2-BC46-07F400A9DC93}.Release|Any CPU.Build.0 = Release|Any CPU
		{F967E9DC-FB94-4EE2-BC46-07F400A9DC93}.Release|x64.ActiveCfg = Release|Any CPU
		{F967E9DC-FB94-4EE2-BC46-07F400A9DC93}.Release|x64.Build.0 = Release|Any CPU
		{F967E9DC-FB94-4EE2-BC46-07F400A9DC93}.Release|x86.ActiveCfg = Release|Any CPU
		{F967E9DC-FB94-4EE2-BC46-07F400A9DC93}.Release|x86.Build.0 = Release|Any CPU
		{64046B0D-5E7E-4DA5-AB94-1C261A1A3AA6}.Debug|Any CPU.ActiveCfg = Debug|Any CPU
		{64046B0D-5E7E-4DA5-AB94-1C261A1A3AA6}.Debug|Any CPU.Build.0 = Debug|Any CPU
		{64046B0D-5E7E-4DA5-AB94-1C261A1A3AA6}.Debug|x64.ActiveCfg = Debug|Any CPU
		{64046B0D-5E7E-4DA5-AB94-1C261A1A3AA6}.Debug|x64.Build.0 = Debug|Any CPU
		{64046B0D-5E7E-4DA5-AB94-1C261A1A3AA6}.Debug|x86.ActiveCfg = Debug|Any CPU
		{64046B0D-5E7E-4DA5-AB94-1C261A1A3AA6}.Debug|x86.Build.0 = Debug|Any CPU
		{64046B0D-5E7E-4DA5-AB94-1C261A1A3AA6}.Release|Any CPU.ActiveCfg = Release|Any CPU
		{64046B0D-5E7E-4DA5-AB94-1C261A1A3AA6}.Release|Any CPU.Build.0 = Release|Any CPU
		{64046B0D-5E7E-4DA5-AB94-1C261A1A3AA6}.Release|x64.ActiveCfg = Release|Any CPU
		{64046B0D-5E7E-4DA5-AB94-1C261A1A3AA6}.Release|x64.Build.0 = Release|Any CPU
		{64046B0D-5E7E-4DA5-AB94-1C261A1A3AA6}.Release|x86.ActiveCfg = Release|Any CPU
		{64046B0D-5E7E-4DA5-AB94-1C261A1A3AA6}.Release|x86.Build.0 = Release|Any CPU
		{5364756C-6045-428E-82D1-0B90E8B1C530}.Debug|Any CPU.ActiveCfg = Debug|Any CPU
		{5364756C-6045-428E-82D1-0B90E8B1C530}.Debug|Any CPU.Build.0 = Debug|Any CPU
		{5364756C-6045-428E-82D1-0B90E8B1C530}.Debug|x64.ActiveCfg = Debug|Any CPU
		{5364756C-6045-428E-82D1-0B90E8B1C530}.Debug|x64.Build.0 = Debug|Any CPU
		{5364756C-6045-428E-82D1-0B90E8B1C530}.Debug|x86.ActiveCfg = Debug|Any CPU
		{5364756C-6045-428E-82D1-0B90E8B1C530}.Debug|x86.Build.0 = Debug|Any CPU
		{5364756C-6045-428E-82D1-0B90E8B1C530}.Release|Any CPU.ActiveCfg = Release|Any CPU
		{5364756C-6045-428E-82D1-0B90E8B1C530}.Release|Any CPU.Build.0 = Release|Any CPU
		{5364756C-6045-428E-82D1-0B90E8B1C530}.Release|x64.ActiveCfg = Release|Any CPU
		{5364756C-6045-428E-82D1-0B90E8B1C530}.Release|x64.Build.0 = Release|Any CPU
		{5364756C-6045-428E-82D1-0B90E8B1C530}.Release|x86.ActiveCfg = Release|Any CPU
		{5364756C-6045-428E-82D1-0B90E8B1C530}.Release|x86.Build.0 = Release|Any CPU
		{6742E967-0097-4D8D-81D9-C51AF3A82A0E}.Debug|Any CPU.ActiveCfg = Debug|Any CPU
		{6742E967-0097-4D8D-81D9-C51AF3A82A0E}.Debug|Any CPU.Build.0 = Debug|Any CPU
		{6742E967-0097-4D8D-81D9-C51AF3A82A0E}.Debug|x64.ActiveCfg = Debug|Any CPU
		{6742E967-0097-4D8D-81D9-C51AF3A82A0E}.Debug|x64.Build.0 = Debug|Any CPU
		{6742E967-0097-4D8D-81D9-C51AF3A82A0E}.Debug|x86.ActiveCfg = Debug|Any CPU
		{6742E967-0097-4D8D-81D9-C51AF3A82A0E}.Debug|x86.Build.0 = Debug|Any CPU
		{6742E967-0097-4D8D-81D9-C51AF3A82A0E}.Release|Any CPU.ActiveCfg = Release|Any CPU
		{6742E967-0097-4D8D-81D9-C51AF3A82A0E}.Release|Any CPU.Build.0 = Release|Any CPU
		{6742E967-0097-4D8D-81D9-C51AF3A82A0E}.Release|x64.ActiveCfg = Release|Any CPU
		{6742E967-0097-4D8D-81D9-C51AF3A82A0E}.Release|x64.Build.0 = Release|Any CPU
		{6742E967-0097-4D8D-81D9-C51AF3A82A0E}.Release|x86.ActiveCfg = Release|Any CPU
		{6742E967-0097-4D8D-81D9-C51AF3A82A0E}.Release|x86.Build.0 = Release|Any CPU
		{49B79176-73E7-49E1-8952-C1371A3E1B8C}.Debug|Any CPU.ActiveCfg = Debug|Any CPU
		{49B79176-73E7-49E1-8952-C1371A3E1B8C}.Debug|Any CPU.Build.0 = Debug|Any CPU
		{49B79176-73E7-49E1-8952-C1371A3E1B8C}.Debug|x64.ActiveCfg = Debug|Any CPU
		{49B79176-73E7-49E1-8952-C1371A3E1B8C}.Debug|x64.Build.0 = Debug|Any CPU
		{49B79176-73E7-49E1-8952-C1371A3E1B8C}.Debug|x86.ActiveCfg = Debug|Any CPU
		{49B79176-73E7-49E1-8952-C1371A3E1B8C}.Debug|x86.Build.0 = Debug|Any CPU
		{49B79176-73E7-49E1-8952-C1371A3E1B8C}.Release|Any CPU.ActiveCfg = Release|Any CPU
		{49B79176-73E7-49E1-8952-C1371A3E1B8C}.Release|Any CPU.Build.0 = Release|Any CPU
		{49B79176-73E7-49E1-8952-C1371A3E1B8C}.Release|x64.ActiveCfg = Release|Any CPU
		{49B79176-73E7-49E1-8952-C1371A3E1B8C}.Release|x64.Build.0 = Release|Any CPU
		{49B79176-73E7-49E1-8952-C1371A3E1B8C}.Release|x86.ActiveCfg = Release|Any CPU
		{49B79176-73E7-49E1-8952-C1371A3E1B8C}.Release|x86.Build.0 = Release|Any CPU
		{DD8B782B-8A5C-4271-8322-3A70CBFC8EDD}.Debug|Any CPU.ActiveCfg = Debug|Any CPU
		{DD8B782B-8A5C-4271-8322-3A70CBFC8EDD}.Debug|Any CPU.Build.0 = Debug|Any CPU
		{DD8B782B-8A5C-4271-8322-3A70CBFC8EDD}.Debug|x64.ActiveCfg = Debug|Any CPU
		{DD8B782B-8A5C-4271-8322-3A70CBFC8EDD}.Debug|x64.Build.0 = Debug|Any CPU
		{DD8B782B-8A5C-4271-8322-3A70CBFC8EDD}.Debug|x86.ActiveCfg = Debug|Any CPU
		{DD8B782B-8A5C-4271-8322-3A70CBFC8EDD}.Debug|x86.Build.0 = Debug|Any CPU
		{DD8B782B-8A5C-4271-8322-3A70CBFC8EDD}.Release|Any CPU.ActiveCfg = Release|Any CPU
		{DD8B782B-8A5C-4271-8322-3A70CBFC8EDD}.Release|Any CPU.Build.0 = Release|Any CPU
		{DD8B782B-8A5C-4271-8322-3A70CBFC8EDD}.Release|x64.ActiveCfg = Release|Any CPU
		{DD8B782B-8A5C-4271-8322-3A70CBFC8EDD}.Release|x64.Build.0 = Release|Any CPU
		{DD8B782B-8A5C-4271-8322-3A70CBFC8EDD}.Release|x86.ActiveCfg = Release|Any CPU
		{DD8B782B-8A5C-4271-8322-3A70CBFC8EDD}.Release|x86.Build.0 = Release|Any CPU
		{0D5FEF16-2BBC-4817-A00D-DAD07B81156B}.Debug|Any CPU.ActiveCfg = Debug|Any CPU
		{0D5FEF16-2BBC-4817-A00D-DAD07B81156B}.Debug|Any CPU.Build.0 = Debug|Any CPU
		{0D5FEF16-2BBC-4817-A00D-DAD07B81156B}.Debug|x64.ActiveCfg = Debug|Any CPU
		{0D5FEF16-2BBC-4817-A00D-DAD07B81156B}.Debug|x64.Build.0 = Debug|Any CPU
		{0D5FEF16-2BBC-4817-A00D-DAD07B81156B}.Debug|x86.ActiveCfg = Debug|Any CPU
		{0D5FEF16-2BBC-4817-A00D-DAD07B81156B}.Debug|x86.Build.0 = Debug|Any CPU
		{0D5FEF16-2BBC-4817-A00D-DAD07B81156B}.Release|Any CPU.ActiveCfg = Release|Any CPU
		{0D5FEF16-2BBC-4817-A00D-DAD07B81156B}.Release|Any CPU.Build.0 = Release|Any CPU
		{0D5FEF16-2BBC-4817-A00D-DAD07B81156B}.Release|x64.ActiveCfg = Release|Any CPU
		{0D5FEF16-2BBC-4817-A00D-DAD07B81156B}.Release|x64.Build.0 = Release|Any CPU
		{0D5FEF16-2BBC-4817-A00D-DAD07B81156B}.Release|x86.ActiveCfg = Release|Any CPU
		{0D5FEF16-2BBC-4817-A00D-DAD07B81156B}.Release|x86.Build.0 = Release|Any CPU
		{933711EB-8310-4E96-B5CF-D2F37F27399F}.Debug|Any CPU.ActiveCfg = Debug|Any CPU
		{933711EB-8310-4E96-B5CF-D2F37F27399F}.Debug|Any CPU.Build.0 = Debug|Any CPU
		{933711EB-8310-4E96-B5CF-D2F37F27399F}.Debug|x64.ActiveCfg = Debug|Any CPU
		{933711EB-8310-4E96-B5CF-D2F37F27399F}.Debug|x64.Build.0 = Debug|Any CPU
		{933711EB-8310-4E96-B5CF-D2F37F27399F}.Debug|x86.ActiveCfg = Debug|Any CPU
		{933711EB-8310-4E96-B5CF-D2F37F27399F}.Debug|x86.Build.0 = Debug|Any CPU
		{933711EB-8310-4E96-B5CF-D2F37F27399F}.Release|Any CPU.ActiveCfg = Release|Any CPU
		{933711EB-8310-4E96-B5CF-D2F37F27399F}.Release|Any CPU.Build.0 = Release|Any CPU
		{933711EB-8310-4E96-B5CF-D2F37F27399F}.Release|x64.ActiveCfg = Release|Any CPU
		{933711EB-8310-4E96-B5CF-D2F37F27399F}.Release|x64.Build.0 = Release|Any CPU
		{933711EB-8310-4E96-B5CF-D2F37F27399F}.Release|x86.ActiveCfg = Release|Any CPU
		{933711EB-8310-4E96-B5CF-D2F37F27399F}.Release|x86.Build.0 = Release|Any CPU
	EndGlobalSection
	GlobalSection(SolutionProperties) = preSolution
		HideSolutionNode = FALSE
	EndGlobalSection
	GlobalSection(NestedProjects) = preSolution
		{2EE730FE-3B69-4C91-9142-3A28AD26FD8D} = {902AB4C1-E49C-4E6F-A08E-384B3374F2D5}
		{D813B58F-5FB5-410A-B44B-F815DE3D5F95} = {2EE730FE-3B69-4C91-9142-3A28AD26FD8D}
		{5001C35D-11D8-415F-BEE1-F4AC8C9C602A} = {902AB4C1-E49C-4E6F-A08E-384B3374F2D5}
		{D624064C-7CF1-48A9-80BC-8D7FEBB0E7C2} = {5001C35D-11D8-415F-BEE1-F4AC8C9C602A}
		{F49E6D8F-720E-4E5E-BA8F-3C8BE9A0F284} = {5001C35D-11D8-415F-BEE1-F4AC8C9C602A}
		{269A5BA3-2FB6-4A45-81FC-B1CA5DBB436E} = {902AB4C1-E49C-4E6F-A08E-384B3374F2D5}
		{E1EB43DD-0EC8-48D4-8F31-421330B24D16} = {269A5BA3-2FB6-4A45-81FC-B1CA5DBB436E}
		{64046B0D-5E7E-4DA5-AB94-1C261A1A3AA6} = {269A5BA3-2FB6-4A45-81FC-B1CA5DBB436E}
		{B02B3938-5C9C-4878-9C95-08A3676EFB7D} = {688D59C5-22E8-4544-ADB3-4295CB994186}
		{6742E967-0097-4D8D-81D9-C51AF3A82A0E} = {B02B3938-5C9C-4878-9C95-08A3676EFB7D}
		{DF794671-B068-4C57-BD26-ADF7E564D0A5} = {688D59C5-22E8-4544-ADB3-4295CB994186}
		{49B79176-73E7-49E1-8952-C1371A3E1B8C} = {DF794671-B068-4C57-BD26-ADF7E564D0A5}
		{DD8B782B-8A5C-4271-8322-3A70CBFC8EDD} = {DF794671-B068-4C57-BD26-ADF7E564D0A5}
		{FDE7F436-54B8-4EC8-808C-7549C3310BCE} = {688D59C5-22E8-4544-ADB3-4295CB994186}
		{0D5FEF16-2BBC-4817-A00D-DAD07B81156B} = {FDE7F436-54B8-4EC8-808C-7549C3310BCE}
		{933711EB-8310-4E96-B5CF-D2F37F27399F} = {FDE7F436-54B8-4EC8-808C-7549C3310BCE}
	EndGlobalSection
	GlobalSection(ExtensibilityGlobals) = postSolution
		SolutionGuid = {0259057D-0C04-462F-91BF-B0491750DD58}
	EndGlobalSection
EndGlobal
