
Microsoft Visual Studio Solution File, Format Version 12.00
# Visual Studio Version 17
VisualStudioVersion = 17.1.32421.90
MinimumVisualStudioVersion = 10.0.40219.1
Project("{2150E333-8FDC-42A3-9474-1A3956D46DE8}") = "ShopManagement", "ShopManagement", "{902AB4C1-E49C-4E6F-A08E-384B3374F2D5}"
EndProject
Project("{2150E333-8FDC-42A3-9474-1A3956D46DE8}") = "SM.Domain", "SM.Domain", "{2EE730FE-3B69-4C91-9142-3A28AD26FD8D}"
EndProject
Project("{9A19103F-16F7-4668-BE54-9A1E7A4F7556}") = "ShopManagement.Domain", "ShopManagement.Domain\ShopManagement.Domain.csproj", "{D813B58F-5FB5-410A-B44B-F815DE3D5F95}"
EndProject
Project("{9A19103F-16F7-4668-BE54-9A1E7A4F7556}") = "0_Framwork", "0_Framwork\0_Framwork.csproj", "{905E9D6C-0A6E-43C2-AFB5-39724EFBDD28}"
EndProject
Project("{2150E333-8FDC-42A3-9474-1A3956D46DE8}") = "SM.Application", "SM.Application", "{5001C35D-11D8-415F-BEE1-F4AC8C9C602A}"
EndProject
Project("{9A19103F-16F7-4668-BE54-9A1E7A4F7556}") = "ShopManagement.Application.Contracts", "ShopManagement.Application.Contracts\ShopManagement.Application.Contracts.csproj", "{D624064C-7CF1-48A9-80BC-8D7FEBB0E7C2}"
EndProject
Project("{9A19103F-16F7-4668-BE54-9A1E7A4F7556}") = "ShopManegement.Application", "ShopManegement.Application\ShopManegement.Application.csproj", "{F49E6D8F-720E-4E5E-BA8F-3C8BE9A0F284}"
EndProject
Project("{2150E333-8FDC-42A3-9474-1A3956D46DE8}") = "SM.Infrastracture", "SM.Infrastracture", "{269A5BA3-2FB6-4A45-81FC-B1CA5DBB436E}"
EndProject
Project("{9A19103F-16F7-4668-BE54-9A1E7A4F7556}") = "ShopManegement.Infrastracture.EFCore", "ShopManegement.Infrastracture.EFCore\ShopManegement.Infrastracture.EFCore.csproj", "{E1EB43DD-0EC8-48D4-8F31-421330B24D16}"
EndProject
Project("{9A19103F-16F7-4668-BE54-9A1E7A4F7556}") = "ServicesHost", "ServicesHost\ServicesHost.csproj", "{F967E9DC-FB94-4EE2-BC46-07F400A9DC93}"
EndProject
Project("{9A19103F-16F7-4668-BE54-9A1E7A4F7556}") = "Shopmanagement.Configoration", "Shopmanagement.Configoration\Shopmanagement.Configoration.csproj", "{64046B0D-5E7E-4DA5-AB94-1C261A1A3AA6}"
EndProject
Project("{9A19103F-16F7-4668-BE54-9A1E7A4F7556}") = "01_LampShadeQuery", "01_LampShadeQuery\01_LampShadeQuery.csproj", "{5364756C-6045-428E-82D1-0B90E8B1C530}"
EndProject
Project("{2150E333-8FDC-42A3-9474-1A3956D46DE8}") = "DiscountManagement", "DiscountManagement", "{688D59C5-22E8-4544-ADB3-4295CB994186}"
EndProject
Project("{2150E333-8FDC-42A3-9474-1A3956D46DE8}") = "DM.Domain", "DM.Domain", "{B02B3938-5C9C-4878-9C95-08A3676EFB7D}"
EndProject
Project("{9A19103F-16F7-4668-BE54-9A1E7A4F7556}") = "Discount.Management.Domain", "Discount.Management.Domain\Discount.Management.Domain.csproj", "{6742E967-0097-4D8D-81D9-C51AF3A82A0E}"
EndProject
Project("{2150E333-8FDC-42A3-9474-1A3956D46DE8}") = "DM.Application", "DM.Application", "{DF794671-B068-4C57-BD26-ADF7E564D0A5}"
EndProject
Project("{9A19103F-16F7-4668-BE54-9A1E7A4F7556}") = "DiscountManagement.Application.Contract", "DiscountManagement.Application.Contract\DiscountManagement.Application.Contract.csproj", "{49B79176-73E7-49E1-8952-C1371A3E1B8C}"
EndProject
Project("{9A19103F-16F7-4668-BE54-9A1E7A4F7556}") = "DiscountManagement.Application", "DiscountManagement.Application\DiscountManagement.Application.csproj", "{DD8B782B-8A5C-4271-8322-3A70CBFC8EDD}"
EndProject
Project("{2150E333-8FDC-42A3-9474-1A3956D46DE8}") = "DM.Infrastracture", "DM.Infrastracture", "{FDE7F436-54B8-4EC8-808C-7549C3310BCE}"
EndProject
Project("{9A19103F-16F7-4668-BE54-9A1E7A4F7556}") = "DiscountManagement.Infrastracture.EfCore", "DiscountManagement.Infrastracture.EfCore\DiscountManagement.Infrastracture.EfCore.csproj", "{0D5FEF16-2BBC-4817-A00D-DAD07B81156B}"
EndProject
Project("{9A19103F-16F7-4668-BE54-9A1E7A4F7556}") = "DiscountManagementConfiguration.Bootstrapper", "DiscountManagementConfiguration.Bootstrapper\DiscountManagementConfiguration.Bootstrapper.csproj", "{933711EB-8310-4E96-B5CF-D2F37F27399F}"
EndProject
Project("{2150E333-8FDC-42A3-9474-1A3956D46DE8}") = "InventoryManagement", "InventoryManagement", "{A1C5EE1D-C2DB-47F6-BFE7-D869C017F790}"
EndProject
Project("{2150E333-8FDC-42A3-9474-1A3956D46DE8}") = "IM.Domain", "IM.Domain", "{FB2C828D-0524-4773-929D-1391F6CB7278}"
EndProject
Project("{9A19103F-16F7-4668-BE54-9A1E7A4F7556}") = "InventoryManagement.Domain", "InventoryManagement.Domain\InventoryManagement.Domain.csproj", "{AF571216-C758-4EC4-95BE-81B6FD5ED079}"
EndProject
Project("{2150E333-8FDC-42A3-9474-1A3956D46DE8}") = "IM.Application", "IM.Application", "{7A8189A8-DDFB-4544-9C59-CB44CC0661AA}"
EndProject
Project("{9A19103F-16F7-4668-BE54-9A1E7A4F7556}") = "InventoryManagement.Application.Contract", "InventoryManagement.Application.Contract\InventoryManagement.Application.Contract.csproj", "{3A26C633-71EC-4081-8A05-9DEA59B2EB4A}"
EndProject
Project("{2150E333-8FDC-42A3-9474-1A3956D46DE8}") = "IM.Infrastructure", "IM.Infrastructure", "{84020607-BE2F-46C0-A710-3CAA0ECD20EA}"
EndProject
Project("{9A19103F-16F7-4668-BE54-9A1E7A4F7556}") = "InventoryManagement.Infrastructure.EfCore", "InventoryManagement.Infrastructure.EfCore\InventoryManagement.Infrastructure.EfCore.csproj", "{63E66115-95BA-4DCE-A98A-87C2703FCD0D}"
EndProject
Project("{9A19103F-16F7-4668-BE54-9A1E7A4F7556}") = "InventoryManagement.Infrasturcture.Configuration", "InventoryManagement.Infrasturcture.Configuration\InventoryManagement.Infrasturcture.Configuration.csproj", "{2BD60324-08AC-4771-8930-2D5C6DCA3241}"
EndProject
Project("{9A19103F-16F7-4668-BE54-9A1E7A4F7556}") = "InventoryManagement.Application", "InventoryManagement.Application\InventoryManagement.Application.csproj", "{BAC41CCC-F417-4EA5-8E8C-A5789777BBBF}"
EndProject
Project("{2150E333-8FDC-42A3-9474-1A3956D46DE8}") = "BlogManagement", "BlogManagement", "{C3A5EC80-9644-4D78-A241-E112443056AE}"
EndProject
Project("{2150E333-8FDC-42A3-9474-1A3956D46DE8}") = "BM.Domain", "BM.Domain", "{A251B735-A722-48AA-859F-E709AB4750F9}"
EndProject
Project("{9A19103F-16F7-4668-BE54-9A1E7A4F7556}") = "BlogManagement.Domain", "BlogManagement.Domain\BlogManagement.Domain.csproj", "{A5ECEA9B-AE2B-4A36-8EAF-771EFC692CFC}"
EndProject
Project("{2150E333-8FDC-42A3-9474-1A3956D46DE8}") = "BM.Application", "BM.Application", "{3DAF656E-9A7A-40D6-B8C6-3717DDBA0B4B}"
EndProject
Project("{9A19103F-16F7-4668-BE54-9A1E7A4F7556}") = "BlogManagement.Application.Contracts", "BlogManagement.Application.Contracts\BlogManagement.Application.Contracts.csproj", "{802348C8-0883-482A-934E-0E4B3BEE49F2}"
EndProject
Project("{9A19103F-16F7-4668-BE54-9A1E7A4F7556}") = "BlogManagement.Application", "BlogManagement.Application\BlogManagement.Application.csproj", "{23210694-8967-4270-8045-7AC6C55408B2}"
EndProject
Project("{2150E333-8FDC-42A3-9474-1A3956D46DE8}") = "BM.Infrastracture", "BM.Infrastracture", "{F31D6570-67A0-4A61-ACF9-6F2EAF6194F9}"
EndProject
Project("{9A19103F-16F7-4668-BE54-9A1E7A4F7556}") = "BlogManagement.Infracture.EfCore", "BlogManagement.Infracture.EfCore\BlogManagement.Infracture.EfCore.csproj", "{DCA65E82-854E-4114-8C58-198988F6EA7C}"
EndProject
Project("{9A19103F-16F7-4668-BE54-9A1E7A4F7556}") = "BlogManagement.Infracture.Configuration", "BlogManagement.Infracture.Configuration\BlogManagement.Infracture.Configuration.csproj", "{CE6A69CC-227D-43B7-8D38-DA7AE00E4854}"
EndProject
Project("{2150E333-8FDC-42A3-9474-1A3956D46DE8}") = "CommentManagement", "CommentManagement", "{84449E2C-4ECC-453A-B9B3-39277A6FB16A}"
EndProject
Project("{2150E333-8FDC-42A3-9474-1A3956D46DE8}") = "CM.Domain", "CM.Domain", "{F688F5D8-9CAD-43E7-9CFD-987D01931F34}"
EndProject
Project("{9A19103F-16F7-4668-BE54-9A1E7A4F7556}") = "CommentManagement.Domain", "CommentManagement.Domain\CommentManagement.Domain.csproj", "{F2E6AB13-7032-4BC9-B7D1-29176983F4BC}"
EndProject
Project("{2150E333-8FDC-42A3-9474-1A3956D46DE8}") = "CM.Application", "CM.Application", "{6FB4D61E-BCAC-44F8-A40D-5F244C13A100}"
EndProject
Project("{9A19103F-16F7-4668-BE54-9A1E7A4F7556}") = "CommentManagement.Application.Contract", "CommentManagement.Application.Contract\CommentManagement.Application.Contract.csproj", "{2F7756D8-9534-48C3-85F8-22A25E6AC4F9}"
EndProject
Project("{9A19103F-16F7-4668-BE54-9A1E7A4F7556}") = "CommentManagement.Application", "CommentManagement.Application\CommentManagement.Application.csproj", "{3EE51DE8-B410-4101-91F6-8859145919FA}"
EndProject
Project("{2150E333-8FDC-42A3-9474-1A3956D46DE8}") = "CM.Infrastracture", "CM.Infrastracture", "{4A2A47AD-D960-41E7-909F-6D6539EECF9E}"
EndProject
Project("{9A19103F-16F7-4668-BE54-9A1E7A4F7556}") = "CommentManagement.Infrastracture.EfCore", "CommentManagement.Infrastracture.EfCore\CommentManagement.Infrastracture.EfCore.csproj", "{E071B2CD-2D6E-4902-B789-BA5E3400D318}"
EndProject
Project("{9A19103F-16F7-4668-BE54-9A1E7A4F7556}") = "CommentManagement.Configuration", "CommentManagement.Configuration\CommentManagement.Configuration.csproj", "{D85CA171-774A-4CC0-97F7-25C2DC0B92CA}"
EndProject
Project("{2150E333-8FDC-42A3-9474-1A3956D46DE8}") = "AccountManagement", "AccountManagement", "{13DF67D3-D2E6-4D33-8553-DFE61709D5DE}"
EndProject
Project("{2150E333-8FDC-42A3-9474-1A3956D46DE8}") = "AM.Domain", "AM.Domain", "{B1CA60EA-5E5A-4F16-A473-F413304DE623}"
EndProject
Project("{9A19103F-16F7-4668-BE54-9A1E7A4F7556}") = "AccountManagement.Domain", "AccountManagement.Domain\AccountManagement.Domain.csproj", "{CE52B084-1725-4F01-908E-7B58D42BCE4E}"
EndProject
Project("{2150E333-8FDC-42A3-9474-1A3956D46DE8}") = "AM.Application", "AM.Application", "{E7F2D02F-480A-4BE3-9426-17B53E29C657}"
EndProject
Project("{9A19103F-16F7-4668-BE54-9A1E7A4F7556}") = "AccountManagement.Application.Contract", "AccountManagement.Application.Contract\AccountManagement.Application.Contract.csproj", "{F20CEEAC-4280-4F49-AC56-E9892DD2A6B2}"
EndProject
Project("{9A19103F-16F7-4668-BE54-9A1E7A4F7556}") = "AccountManagement.Application", "AccountManagement.Application\AccountManagement.Application.csproj", "{131422DD-AF64-4E30-A115-4C00CB962FEC}"
EndProject
Project("{2150E333-8FDC-42A3-9474-1A3956D46DE8}") = "AM.Infrastracture", "AM.Infrastracture", "{A8E726D1-6AEC-434E-BE69-B445230A3EDD}"
EndProject
Project("{9A19103F-16F7-4668-BE54-9A1E7A4F7556}") = "AccountManagement.Infrastracture.EfCore", "AccountManagement.Infrastracture.EfCore\AccountManagement.Infrastracture.EfCore.csproj", "{C664925E-0A3A-4B8C-A30F-FD339913A547}"
EndProject
Project("{9A19103F-16F7-4668-BE54-9A1E7A4F7556}") = "AccountManagement.Configuration", "AccountManagement.Configuration\AccountManagement.Configuration.csproj", "{32FF6C01-E07F-48F0-B0B9-C2C40CDB754A}"
EndProject
Global
	GlobalSection(SolutionConfigurationPlatforms) = preSolution
		Debug|Any CPU = Debug|Any CPU
		Debug|x64 = Debug|x64
		Debug|x86 = Debug|x86
		Release|Any CPU = Release|Any CPU
		Release|x64 = Release|x64
		Release|x86 = Release|x86
	EndGlobalSection
	GlobalSection(ProjectConfigurationPlatforms) = postSolution
		{D813B58F-5FB5-410A-B44B-F815DE3D5F95}.Debug|Any CPU.ActiveCfg = Debug|Any CPU
		{D813B58F-5FB5-410A-B44B-F815DE3D5F95}.Debug|Any CPU.Build.0 = Debug|Any CPU
		{D813B58F-5FB5-410A-B44B-F815DE3D5F95}.Debug|x64.ActiveCfg = Debug|Any CPU
		{D813B58F-5FB5-410A-B44B-F815DE3D5F95}.Debug|x64.Build.0 = Debug|Any CPU
		{D813B58F-5FB5-410A-B44B-F815DE3D5F95}.Debug|x86.ActiveCfg = Debug|Any CPU
		{D813B58F-5FB5-410A-B44B-F815DE3D5F95}.Debug|x86.Build.0 = Debug|Any CPU
		{D813B58F-5FB5-410A-B44B-F815DE3D5F95}.Release|Any CPU.ActiveCfg = Release|Any CPU
		{D813B58F-5FB5-410A-B44B-F815DE3D5F95}.Release|Any CPU.Build.0 = Release|Any CPU
		{D813B58F-5FB5-410A-B44B-F815DE3D5F95}.Release|x64.ActiveCfg = Release|Any CPU
		{D813B58F-5FB5-410A-B44B-F815DE3D5F95}.Release|x64.Build.0 = Release|Any CPU
		{D813B58F-5FB5-410A-B44B-F815DE3D5F95}.Release|x86.ActiveCfg = Release|Any CPU
		{D813B58F-5FB5-410A-B44B-F815DE3D5F95}.Release|x86.Build.0 = Release|Any CPU
		{905E9D6C-0A6E-43C2-AFB5-39724EFBDD28}.Debug|Any CPU.ActiveCfg = Debug|Any CPU
		{905E9D6C-0A6E-43C2-AFB5-39724EFBDD28}.Debug|Any CPU.Build.0 = Debug|Any CPU
		{905E9D6C-0A6E-43C2-AFB5-39724EFBDD28}.Debug|x64.ActiveCfg = Debug|Any CPU
		{905E9D6C-0A6E-43C2-AFB5-39724EFBDD28}.Debug|x64.Build.0 = Debug|Any CPU
		{905E9D6C-0A6E-43C2-AFB5-39724EFBDD28}.Debug|x86.ActiveCfg = Debug|Any CPU
		{905E9D6C-0A6E-43C2-AFB5-39724EFBDD28}.Debug|x86.Build.0 = Debug|Any CPU
		{905E9D6C-0A6E-43C2-AFB5-39724EFBDD28}.Release|Any CPU.ActiveCfg = Release|Any CPU
		{905E9D6C-0A6E-43C2-AFB5-39724EFBDD28}.Release|Any CPU.Build.0 = Release|Any CPU
		{905E9D6C-0A6E-43C2-AFB5-39724EFBDD28}.Release|x64.ActiveCfg = Release|Any CPU
		{905E9D6C-0A6E-43C2-AFB5-39724EFBDD28}.Release|x64.Build.0 = Release|Any CPU
		{905E9D6C-0A6E-43C2-AFB5-39724EFBDD28}.Release|x86.ActiveCfg = Release|Any CPU
		{905E9D6C-0A6E-43C2-AFB5-39724EFBDD28}.Release|x86.Build.0 = Release|Any CPU
		{D624064C-7CF1-48A9-80BC-8D7FEBB0E7C2}.Debug|Any CPU.ActiveCfg = Debug|Any CPU
		{D624064C-7CF1-48A9-80BC-8D7FEBB0E7C2}.Debug|Any CPU.Build.0 = Debug|Any CPU
		{D624064C-7CF1-48A9-80BC-8D7FEBB0E7C2}.Debug|x64.ActiveCfg = Debug|Any CPU
		{D624064C-7CF1-48A9-80BC-8D7FEBB0E7C2}.Debug|x64.Build.0 = Debug|Any CPU
		{D624064C-7CF1-48A9-80BC-8D7FEBB0E7C2}.Debug|x86.ActiveCfg = Debug|Any CPU
		{D624064C-7CF1-48A9-80BC-8D7FEBB0E7C2}.Debug|x86.Build.0 = Debug|Any CPU
		{D624064C-7CF1-48A9-80BC-8D7FEBB0E7C2}.Release|Any CPU.ActiveCfg = Release|Any CPU
		{D624064C-7CF1-48A9-80BC-8D7FEBB0E7C2}.Release|Any CPU.Build.0 = Release|Any CPU
		{D624064C-7CF1-48A9-80BC-8D7FEBB0E7C2}.Release|x64.ActiveCfg = Release|Any CPU
		{D624064C-7CF1-48A9-80BC-8D7FEBB0E7C2}.Release|x64.Build.0 = Release|Any CPU
		{D624064C-7CF1-48A9-80BC-8D7FEBB0E7C2}.Release|x86.ActiveCfg = Release|Any CPU
		{D624064C-7CF1-48A9-80BC-8D7FEBB0E7C2}.Release|x86.Build.0 = Release|Any CPU
		{F49E6D8F-720E-4E5E-BA8F-3C8BE9A0F284}.Debug|Any CPU.ActiveCfg = Debug|Any CPU
		{F49E6D8F-720E-4E5E-BA8F-3C8BE9A0F284}.Debug|Any CPU.Build.0 = Debug|Any CPU
		{F49E6D8F-720E-4E5E-BA8F-3C8BE9A0F284}.Debug|x64.ActiveCfg = Debug|Any CPU
		{F49E6D8F-720E-4E5E-BA8F-3C8BE9A0F284}.Debug|x64.Build.0 = Debug|Any CPU
		{F49E6D8F-720E-4E5E-BA8F-3C8BE9A0F284}.Debug|x86.ActiveCfg = Debug|Any CPU
		{F49E6D8F-720E-4E5E-BA8F-3C8BE9A0F284}.Debug|x86.Build.0 = Debug|Any CPU
		{F49E6D8F-720E-4E5E-BA8F-3C8BE9A0F284}.Release|Any CPU.ActiveCfg = Release|Any CPU
		{F49E6D8F-720E-4E5E-BA8F-3C8BE9A0F284}.Release|Any CPU.Build.0 = Release|Any CPU
		{F49E6D8F-720E-4E5E-BA8F-3C8BE9A0F284}.Release|x64.ActiveCfg = Release|Any CPU
		{F49E6D8F-720E-4E5E-BA8F-3C8BE9A0F284}.Release|x64.Build.0 = Release|Any CPU
		{F49E6D8F-720E-4E5E-BA8F-3C8BE9A0F284}.Release|x86.ActiveCfg = Release|Any CPU
		{F49E6D8F-720E-4E5E-BA8F-3C8BE9A0F284}.Release|x86.Build.0 = Release|Any CPU
		{E1EB43DD-0EC8-48D4-8F31-421330B24D16}.Debug|Any CPU.ActiveCfg = Debug|Any CPU
		{E1EB43DD-0EC8-48D4-8F31-421330B24D16}.Debug|Any CPU.Build.0 = Debug|Any CPU
		{E1EB43DD-0EC8-48D4-8F31-421330B24D16}.Debug|x64.ActiveCfg = Debug|Any CPU
		{E1EB43DD-0EC8-48D4-8F31-421330B24D16}.Debug|x64.Build.0 = Debug|Any CPU
		{E1EB43DD-0EC8-48D4-8F31-421330B24D16}.Debug|x86.ActiveCfg = Debug|Any CPU
		{E1EB43DD-0EC8-48D4-8F31-421330B24D16}.Debug|x86.Build.0 = Debug|Any CPU
		{E1EB43DD-0EC8-48D4-8F31-421330B24D16}.Release|Any CPU.ActiveCfg = Release|Any CPU
		{E1EB43DD-0EC8-48D4-8F31-421330B24D16}.Release|Any CPU.Build.0 = Release|Any CPU
		{E1EB43DD-0EC8-48D4-8F31-421330B24D16}.Release|x64.ActiveCfg = Release|Any CPU
		{E1EB43DD-0EC8-48D4-8F31-421330B24D16}.Release|x64.Build.0 = Release|Any CPU
		{E1EB43DD-0EC8-48D4-8F31-421330B24D16}.Release|x86.ActiveCfg = Release|Any CPU
		{E1EB43DD-0EC8-48D4-8F31-421330B24D16}.Release|x86.Build.0 = Release|Any CPU
		{F967E9DC-FB94-4EE2-BC46-07F400A9DC93}.Debug|Any CPU.ActiveCfg = Debug|Any CPU
		{F967E9DC-FB94-4EE2-BC46-07F400A9DC93}.Debug|Any CPU.Build.0 = Debug|Any CPU
		{F967E9DC-FB94-4EE2-BC46-07F400A9DC93}.Debug|x64.ActiveCfg = Debug|Any CPU
		{F967E9DC-FB94-4EE2-BC46-07F400A9DC93}.Debug|x64.Build.0 = Debug|Any CPU
		{F967E9DC-FB94-4EE2-BC46-07F400A9DC93}.Debug|x86.ActiveCfg = Debug|Any CPU
		{F967E9DC-FB94-4EE2-BC46-07F400A9DC93}.Debug|x86.Build.0 = Debug|Any CPU
		{F967E9DC-FB94-4EE2-BC46-07F400A9DC93}.Release|Any CPU.ActiveCfg = Release|Any CPU
		{F967E9DC-FB94-4EE2-BC46-07F400A9DC93}.Release|Any CPU.Build.0 = Release|Any CPU
		{F967E9DC-FB94-4EE2-BC46-07F400A9DC93}.Release|x64.ActiveCfg = Release|Any CPU
		{F967E9DC-FB94-4EE2-BC46-07F400A9DC93}.Release|x64.Build.0 = Release|Any CPU
		{F967E9DC-FB94-4EE2-BC46-07F400A9DC93}.Release|x86.ActiveCfg = Release|Any CPU
		{F967E9DC-FB94-4EE2-BC46-07F400A9DC93}.Release|x86.Build.0 = Release|Any CPU
		{64046B0D-5E7E-4DA5-AB94-1C261A1A3AA6}.Debug|Any CPU.ActiveCfg = Debug|Any CPU
		{64046B0D-5E7E-4DA5-AB94-1C261A1A3AA6}.Debug|Any CPU.Build.0 = Debug|Any CPU
		{64046B0D-5E7E-4DA5-AB94-1C261A1A3AA6}.Debug|x64.ActiveCfg = Debug|Any CPU
		{64046B0D-5E7E-4DA5-AB94-1C261A1A3AA6}.Debug|x64.Build.0 = Debug|Any CPU
		{64046B0D-5E7E-4DA5-AB94-1C261A1A3AA6}.Debug|x86.ActiveCfg = Debug|Any CPU
		{64046B0D-5E7E-4DA5-AB94-1C261A1A3AA6}.Debug|x86.Build.0 = Debug|Any CPU
		{64046B0D-5E7E-4DA5-AB94-1C261A1A3AA6}.Release|Any CPU.ActiveCfg = Release|Any CPU
		{64046B0D-5E7E-4DA5-AB94-1C261A1A3AA6}.Release|Any CPU.Build.0 = Release|Any CPU
		{64046B0D-5E7E-4DA5-AB94-1C261A1A3AA6}.Release|x64.ActiveCfg = Release|Any CPU
		{64046B0D-5E7E-4DA5-AB94-1C261A1A3AA6}.Release|x64.Build.0 = Release|Any CPU
		{64046B0D-5E7E-4DA5-AB94-1C261A1A3AA6}.Release|x86.ActiveCfg = Release|Any CPU
		{64046B0D-5E7E-4DA5-AB94-1C261A1A3AA6}.Release|x86.Build.0 = Release|Any CPU
		{5364756C-6045-428E-82D1-0B90E8B1C530}.Debug|Any CPU.ActiveCfg = Debug|Any CPU
		{5364756C-6045-428E-82D1-0B90E8B1C530}.Debug|Any CPU.Build.0 = Debug|Any CPU
		{5364756C-6045-428E-82D1-0B90E8B1C530}.Debug|x64.ActiveCfg = Debug|Any CPU
		{5364756C-6045-428E-82D1-0B90E8B1C530}.Debug|x64.Build.0 = Debug|Any CPU
		{5364756C-6045-428E-82D1-0B90E8B1C530}.Debug|x86.ActiveCfg = Debug|Any CPU
		{5364756C-6045-428E-82D1-0B90E8B1C530}.Debug|x86.Build.0 = Debug|Any CPU
		{5364756C-6045-428E-82D1-0B90E8B1C530}.Release|Any CPU.ActiveCfg = Release|Any CPU
		{5364756C-6045-428E-82D1-0B90E8B1C530}.Release|Any CPU.Build.0 = Release|Any CPU
		{5364756C-6045-428E-82D1-0B90E8B1C530}.Release|x64.ActiveCfg = Release|Any CPU
		{5364756C-6045-428E-82D1-0B90E8B1C530}.Release|x64.Build.0 = Release|Any CPU
		{5364756C-6045-428E-82D1-0B90E8B1C530}.Release|x86.ActiveCfg = Release|Any CPU
		{5364756C-6045-428E-82D1-0B90E8B1C530}.Release|x86.Build.0 = Release|Any CPU
		{6742E967-0097-4D8D-81D9-C51AF3A82A0E}.Debug|Any CPU.ActiveCfg = Debug|Any CPU
		{6742E967-0097-4D8D-81D9-C51AF3A82A0E}.Debug|Any CPU.Build.0 = Debug|Any CPU
		{6742E967-0097-4D8D-81D9-C51AF3A82A0E}.Debug|x64.ActiveCfg = Debug|Any CPU
		{6742E967-0097-4D8D-81D9-C51AF3A82A0E}.Debug|x64.Build.0 = Debug|Any CPU
		{6742E967-0097-4D8D-81D9-C51AF3A82A0E}.Debug|x86.ActiveCfg = Debug|Any CPU
		{6742E967-0097-4D8D-81D9-C51AF3A82A0E}.Debug|x86.Build.0 = Debug|Any CPU
		{6742E967-0097-4D8D-81D9-C51AF3A82A0E}.Release|Any CPU.ActiveCfg = Release|Any CPU
		{6742E967-0097-4D8D-81D9-C51AF3A82A0E}.Release|Any CPU.Build.0 = Release|Any CPU
		{6742E967-0097-4D8D-81D9-C51AF3A82A0E}.Release|x64.ActiveCfg = Release|Any CPU
		{6742E967-0097-4D8D-81D9-C51AF3A82A0E}.Release|x64.Build.0 = Release|Any CPU
		{6742E967-0097-4D8D-81D9-C51AF3A82A0E}.Release|x86.ActiveCfg = Release|Any CPU
		{6742E967-0097-4D8D-81D9-C51AF3A82A0E}.Release|x86.Build.0 = Release|Any CPU
		{49B79176-73E7-49E1-8952-C1371A3E1B8C}.Debug|Any CPU.ActiveCfg = Debug|Any CPU
		{49B79176-73E7-49E1-8952-C1371A3E1B8C}.Debug|Any CPU.Build.0 = Debug|Any CPU
		{49B79176-73E7-49E1-8952-C1371A3E1B8C}.Debug|x64.ActiveCfg = Debug|Any CPU
		{49B79176-73E7-49E1-8952-C1371A3E1B8C}.Debug|x64.Build.0 = Debug|Any CPU
		{49B79176-73E7-49E1-8952-C1371A3E1B8C}.Debug|x86.ActiveCfg = Debug|Any CPU
		{49B79176-73E7-49E1-8952-C1371A3E1B8C}.Debug|x86.Build.0 = Debug|Any CPU
		{49B79176-73E7-49E1-8952-C1371A3E1B8C}.Release|Any CPU.ActiveCfg = Release|Any CPU
		{49B79176-73E7-49E1-8952-C1371A3E1B8C}.Release|Any CPU.Build.0 = Release|Any CPU
		{49B79176-73E7-49E1-8952-C1371A3E1B8C}.Release|x64.ActiveCfg = Release|Any CPU
		{49B79176-73E7-49E1-8952-C1371A3E1B8C}.Release|x64.Build.0 = Release|Any CPU
		{49B79176-73E7-49E1-8952-C1371A3E1B8C}.Release|x86.ActiveCfg = Release|Any CPU
		{49B79176-73E7-49E1-8952-C1371A3E1B8C}.Release|x86.Build.0 = Release|Any CPU
		{DD8B782B-8A5C-4271-8322-3A70CBFC8EDD}.Debug|Any CPU.ActiveCfg = Debug|Any CPU
		{DD8B782B-8A5C-4271-8322-3A70CBFC8EDD}.Debug|Any CPU.Build.0 = Debug|Any CPU
		{DD8B782B-8A5C-4271-8322-3A70CBFC8EDD}.Debug|x64.ActiveCfg = Debug|Any CPU
		{DD8B782B-8A5C-4271-8322-3A70CBFC8EDD}.Debug|x64.Build.0 = Debug|Any CPU
		{DD8B782B-8A5C-4271-8322-3A70CBFC8EDD}.Debug|x86.ActiveCfg = Debug|Any CPU
		{DD8B782B-8A5C-4271-8322-3A70CBFC8EDD}.Debug|x86.Build.0 = Debug|Any CPU
		{DD8B782B-8A5C-4271-8322-3A70CBFC8EDD}.Release|Any CPU.ActiveCfg = Release|Any CPU
		{DD8B782B-8A5C-4271-8322-3A70CBFC8EDD}.Release|Any CPU.Build.0 = Release|Any CPU
		{DD8B782B-8A5C-4271-8322-3A70CBFC8EDD}.Release|x64.ActiveCfg = Release|Any CPU
		{DD8B782B-8A5C-4271-8322-3A70CBFC8EDD}.Release|x64.Build.0 = Release|Any CPU
		{DD8B782B-8A5C-4271-8322-3A70CBFC8EDD}.Release|x86.ActiveCfg = Release|Any CPU
		{DD8B782B-8A5C-4271-8322-3A70CBFC8EDD}.Release|x86.Build.0 = Release|Any CPU
		{0D5FEF16-2BBC-4817-A00D-DAD07B81156B}.Debug|Any CPU.ActiveCfg = Debug|Any CPU
		{0D5FEF16-2BBC-4817-A00D-DAD07B81156B}.Debug|Any CPU.Build.0 = Debug|Any CPU
		{0D5FEF16-2BBC-4817-A00D-DAD07B81156B}.Debug|x64.ActiveCfg = Debug|Any CPU
		{0D5FEF16-2BBC-4817-A00D-DAD07B81156B}.Debug|x64.Build.0 = Debug|Any CPU
		{0D5FEF16-2BBC-4817-A00D-DAD07B81156B}.Debug|x86.ActiveCfg = Debug|Any CPU
		{0D5FEF16-2BBC-4817-A00D-DAD07B81156B}.Debug|x86.Build.0 = Debug|Any CPU
		{0D5FEF16-2BBC-4817-A00D-DAD07B81156B}.Release|Any CPU.ActiveCfg = Release|Any CPU
		{0D5FEF16-2BBC-4817-A00D-DAD07B81156B}.Release|Any CPU.Build.0 = Release|Any CPU
		{0D5FEF16-2BBC-4817-A00D-DAD07B81156B}.Release|x64.ActiveCfg = Release|Any CPU
		{0D5FEF16-2BBC-4817-A00D-DAD07B81156B}.Release|x64.Build.0 = Release|Any CPU
		{0D5FEF16-2BBC-4817-A00D-DAD07B81156B}.Release|x86.ActiveCfg = Release|Any CPU
		{0D5FEF16-2BBC-4817-A00D-DAD07B81156B}.Release|x86.Build.0 = Release|Any CPU
		{933711EB-8310-4E96-B5CF-D2F37F27399F}.Debug|Any CPU.ActiveCfg = Debug|Any CPU
		{933711EB-8310-4E96-B5CF-D2F37F27399F}.Debug|Any CPU.Build.0 = Debug|Any CPU
		{933711EB-8310-4E96-B5CF-D2F37F27399F}.Debug|x64.ActiveCfg = Debug|Any CPU
		{933711EB-8310-4E96-B5CF-D2F37F27399F}.Debug|x64.Build.0 = Debug|Any CPU
		{933711EB-8310-4E96-B5CF-D2F37F27399F}.Debug|x86.ActiveCfg = Debug|Any CPU
		{933711EB-8310-4E96-B5CF-D2F37F27399F}.Debug|x86.Build.0 = Debug|Any CPU
		{933711EB-8310-4E96-B5CF-D2F37F27399F}.Release|Any CPU.ActiveCfg = Release|Any CPU
		{933711EB-8310-4E96-B5CF-D2F37F27399F}.Release|Any CPU.Build.0 = Release|Any CPU
		{933711EB-8310-4E96-B5CF-D2F37F27399F}.Release|x64.ActiveCfg = Release|Any CPU
		{933711EB-8310-4E96-B5CF-D2F37F27399F}.Release|x64.Build.0 = Release|Any CPU
		{933711EB-8310-4E96-B5CF-D2F37F27399F}.Release|x86.ActiveCfg = Release|Any CPU
		{933711EB-8310-4E96-B5CF-D2F37F27399F}.Release|x86.Build.0 = Release|Any CPU
		{AF571216-C758-4EC4-95BE-81B6FD5ED079}.Debug|Any CPU.ActiveCfg = Debug|Any CPU
		{AF571216-C758-4EC4-95BE-81B6FD5ED079}.Debug|Any CPU.Build.0 = Debug|Any CPU
		{AF571216-C758-4EC4-95BE-81B6FD5ED079}.Debug|x64.ActiveCfg = Debug|Any CPU
		{AF571216-C758-4EC4-95BE-81B6FD5ED079}.Debug|x64.Build.0 = Debug|Any CPU
		{AF571216-C758-4EC4-95BE-81B6FD5ED079}.Debug|x86.ActiveCfg = Debug|Any CPU
		{AF571216-C758-4EC4-95BE-81B6FD5ED079}.Debug|x86.Build.0 = Debug|Any CPU
		{AF571216-C758-4EC4-95BE-81B6FD5ED079}.Release|Any CPU.ActiveCfg = Release|Any CPU
		{AF571216-C758-4EC4-95BE-81B6FD5ED079}.Release|Any CPU.Build.0 = Release|Any CPU
		{AF571216-C758-4EC4-95BE-81B6FD5ED079}.Release|x64.ActiveCfg = Release|Any CPU
		{AF571216-C758-4EC4-95BE-81B6FD5ED079}.Release|x64.Build.0 = Release|Any CPU
		{AF571216-C758-4EC4-95BE-81B6FD5ED079}.Release|x86.ActiveCfg = Release|Any CPU
		{AF571216-C758-4EC4-95BE-81B6FD5ED079}.Release|x86.Build.0 = Release|Any CPU
		{3A26C633-71EC-4081-8A05-9DEA59B2EB4A}.Debug|Any CPU.ActiveCfg = Debug|Any CPU
		{3A26C633-71EC-4081-8A05-9DEA59B2EB4A}.Debug|Any CPU.Build.0 = Debug|Any CPU
		{3A26C633-71EC-4081-8A05-9DEA59B2EB4A}.Debug|x64.ActiveCfg = Debug|Any CPU
		{3A26C633-71EC-4081-8A05-9DEA59B2EB4A}.Debug|x64.Build.0 = Debug|Any CPU
		{3A26C633-71EC-4081-8A05-9DEA59B2EB4A}.Debug|x86.ActiveCfg = Debug|Any CPU
		{3A26C633-71EC-4081-8A05-9DEA59B2EB4A}.Debug|x86.Build.0 = Debug|Any CPU
		{3A26C633-71EC-4081-8A05-9DEA59B2EB4A}.Release|Any CPU.ActiveCfg = Release|Any CPU
		{3A26C633-71EC-4081-8A05-9DEA59B2EB4A}.Release|Any CPU.Build.0 = Release|Any CPU
		{3A26C633-71EC-4081-8A05-9DEA59B2EB4A}.Release|x64.ActiveCfg = Release|Any CPU
		{3A26C633-71EC-4081-8A05-9DEA59B2EB4A}.Release|x64.Build.0 = Release|Any CPU
		{3A26C633-71EC-4081-8A05-9DEA59B2EB4A}.Release|x86.ActiveCfg = Release|Any CPU
		{3A26C633-71EC-4081-8A05-9DEA59B2EB4A}.Release|x86.Build.0 = Release|Any CPU
		{63E66115-95BA-4DCE-A98A-87C2703FCD0D}.Debug|Any CPU.ActiveCfg = Debug|Any CPU
		{63E66115-95BA-4DCE-A98A-87C2703FCD0D}.Debug|Any CPU.Build.0 = Debug|Any CPU
		{63E66115-95BA-4DCE-A98A-87C2703FCD0D}.Debug|x64.ActiveCfg = Debug|Any CPU
		{63E66115-95BA-4DCE-A98A-87C2703FCD0D}.Debug|x64.Build.0 = Debug|Any CPU
		{63E66115-95BA-4DCE-A98A-87C2703FCD0D}.Debug|x86.ActiveCfg = Debug|Any CPU
		{63E66115-95BA-4DCE-A98A-87C2703FCD0D}.Debug|x86.Build.0 = Debug|Any CPU
		{63E66115-95BA-4DCE-A98A-87C2703FCD0D}.Release|Any CPU.ActiveCfg = Release|Any CPU
		{63E66115-95BA-4DCE-A98A-87C2703FCD0D}.Release|Any CPU.Build.0 = Release|Any CPU
		{63E66115-95BA-4DCE-A98A-87C2703FCD0D}.Release|x64.ActiveCfg = Release|Any CPU
		{63E66115-95BA-4DCE-A98A-87C2703FCD0D}.Release|x64.Build.0 = Release|Any CPU
		{63E66115-95BA-4DCE-A98A-87C2703FCD0D}.Release|x86.ActiveCfg = Release|Any CPU
		{63E66115-95BA-4DCE-A98A-87C2703FCD0D}.Release|x86.Build.0 = Release|Any CPU
		{2BD60324-08AC-4771-8930-2D5C6DCA3241}.Debug|Any CPU.ActiveCfg = Debug|Any CPU
		{2BD60324-08AC-4771-8930-2D5C6DCA3241}.Debug|Any CPU.Build.0 = Debug|Any CPU
		{2BD60324-08AC-4771-8930-2D5C6DCA3241}.Debug|x64.ActiveCfg = Debug|Any CPU
		{2BD60324-08AC-4771-8930-2D5C6DCA3241}.Debug|x64.Build.0 = Debug|Any CPU
		{2BD60324-08AC-4771-8930-2D5C6DCA3241}.Debug|x86.ActiveCfg = Debug|Any CPU
		{2BD60324-08AC-4771-8930-2D5C6DCA3241}.Debug|x86.Build.0 = Debug|Any CPU
		{2BD60324-08AC-4771-8930-2D5C6DCA3241}.Release|Any CPU.ActiveCfg = Release|Any CPU
		{2BD60324-08AC-4771-8930-2D5C6DCA3241}.Release|Any CPU.Build.0 = Release|Any CPU
		{2BD60324-08AC-4771-8930-2D5C6DCA3241}.Release|x64.ActiveCfg = Release|Any CPU
		{2BD60324-08AC-4771-8930-2D5C6DCA3241}.Release|x64.Build.0 = Release|Any CPU
		{2BD60324-08AC-4771-8930-2D5C6DCA3241}.Release|x86.ActiveCfg = Release|Any CPU
		{2BD60324-08AC-4771-8930-2D5C6DCA3241}.Release|x86.Build.0 = Release|Any CPU
		{BAC41CCC-F417-4EA5-8E8C-A5789777BBBF}.Debug|Any CPU.ActiveCfg = Debug|Any CPU
		{BAC41CCC-F417-4EA5-8E8C-A5789777BBBF}.Debug|Any CPU.Build.0 = Debug|Any CPU
		{BAC41CCC-F417-4EA5-8E8C-A5789777BBBF}.Debug|x64.ActiveCfg = Debug|Any CPU
		{BAC41CCC-F417-4EA5-8E8C-A5789777BBBF}.Debug|x64.Build.0 = Debug|Any CPU
		{BAC41CCC-F417-4EA5-8E8C-A5789777BBBF}.Debug|x86.ActiveCfg = Debug|Any CPU
		{BAC41CCC-F417-4EA5-8E8C-A5789777BBBF}.Debug|x86.Build.0 = Debug|Any CPU
		{BAC41CCC-F417-4EA5-8E8C-A5789777BBBF}.Release|Any CPU.ActiveCfg = Release|Any CPU
		{BAC41CCC-F417-4EA5-8E8C-A5789777BBBF}.Release|Any CPU.Build.0 = Release|Any CPU
		{BAC41CCC-F417-4EA5-8E8C-A5789777BBBF}.Release|x64.ActiveCfg = Release|Any CPU
		{BAC41CCC-F417-4EA5-8E8C-A5789777BBBF}.Release|x64.Build.0 = Release|Any CPU
		{BAC41CCC-F417-4EA5-8E8C-A5789777BBBF}.Release|x86.ActiveCfg = Release|Any CPU
		{BAC41CCC-F417-4EA5-8E8C-A5789777BBBF}.Release|x86.Build.0 = Release|Any CPU
		{A5ECEA9B-AE2B-4A36-8EAF-771EFC692CFC}.Debug|Any CPU.ActiveCfg = Debug|Any CPU
		{A5ECEA9B-AE2B-4A36-8EAF-771EFC692CFC}.Debug|Any CPU.Build.0 = Debug|Any CPU
		{A5ECEA9B-AE2B-4A36-8EAF-771EFC692CFC}.Debug|x64.ActiveCfg = Debug|Any CPU
		{A5ECEA9B-AE2B-4A36-8EAF-771EFC692CFC}.Debug|x64.Build.0 = Debug|Any CPU
		{A5ECEA9B-AE2B-4A36-8EAF-771EFC692CFC}.Debug|x86.ActiveCfg = Debug|Any CPU
		{A5ECEA9B-AE2B-4A36-8EAF-771EFC692CFC}.Debug|x86.Build.0 = Debug|Any CPU
		{A5ECEA9B-AE2B-4A36-8EAF-771EFC692CFC}.Release|Any CPU.ActiveCfg = Release|Any CPU
		{A5ECEA9B-AE2B-4A36-8EAF-771EFC692CFC}.Release|Any CPU.Build.0 = Release|Any CPU
		{A5ECEA9B-AE2B-4A36-8EAF-771EFC692CFC}.Release|x64.ActiveCfg = Release|Any CPU
		{A5ECEA9B-AE2B-4A36-8EAF-771EFC692CFC}.Release|x64.Build.0 = Release|Any CPU
		{A5ECEA9B-AE2B-4A36-8EAF-771EFC692CFC}.Release|x86.ActiveCfg = Release|Any CPU
		{A5ECEA9B-AE2B-4A36-8EAF-771EFC692CFC}.Release|x86.Build.0 = Release|Any CPU
		{802348C8-0883-482A-934E-0E4B3BEE49F2}.Debug|Any CPU.ActiveCfg = Debug|Any CPU
		{802348C8-0883-482A-934E-0E4B3BEE49F2}.Debug|Any CPU.Build.0 = Debug|Any CPU
		{802348C8-0883-482A-934E-0E4B3BEE49F2}.Debug|x64.ActiveCfg = Debug|Any CPU
		{802348C8-0883-482A-934E-0E4B3BEE49F2}.Debug|x64.Build.0 = Debug|Any CPU
		{802348C8-0883-482A-934E-0E4B3BEE49F2}.Debug|x86.ActiveCfg = Debug|Any CPU
		{802348C8-0883-482A-934E-0E4B3BEE49F2}.Debug|x86.Build.0 = Debug|Any CPU
		{802348C8-0883-482A-934E-0E4B3BEE49F2}.Release|Any CPU.ActiveCfg = Release|Any CPU
		{802348C8-0883-482A-934E-0E4B3BEE49F2}.Release|Any CPU.Build.0 = Release|Any CPU
		{802348C8-0883-482A-934E-0E4B3BEE49F2}.Release|x64.ActiveCfg = Release|Any CPU
		{802348C8-0883-482A-934E-0E4B3BEE49F2}.Release|x64.Build.0 = Release|Any CPU
		{802348C8-0883-482A-934E-0E4B3BEE49F2}.Release|x86.ActiveCfg = Release|Any CPU
		{802348C8-0883-482A-934E-0E4B3BEE49F2}.Release|x86.Build.0 = Release|Any CPU
		{23210694-8967-4270-8045-7AC6C55408B2}.Debug|Any CPU.ActiveCfg = Debug|Any CPU
		{23210694-8967-4270-8045-7AC6C55408B2}.Debug|Any CPU.Build.0 = Debug|Any CPU
		{23210694-8967-4270-8045-7AC6C55408B2}.Debug|x64.ActiveCfg = Debug|Any CPU
		{23210694-8967-4270-8045-7AC6C55408B2}.Debug|x64.Build.0 = Debug|Any CPU
		{23210694-8967-4270-8045-7AC6C55408B2}.Debug|x86.ActiveCfg = Debug|Any CPU
		{23210694-8967-4270-8045-7AC6C55408B2}.Debug|x86.Build.0 = Debug|Any CPU
		{23210694-8967-4270-8045-7AC6C55408B2}.Release|Any CPU.ActiveCfg = Release|Any CPU
		{23210694-8967-4270-8045-7AC6C55408B2}.Release|Any CPU.Build.0 = Release|Any CPU
		{23210694-8967-4270-8045-7AC6C55408B2}.Release|x64.ActiveCfg = Release|Any CPU
		{23210694-8967-4270-8045-7AC6C55408B2}.Release|x64.Build.0 = Release|Any CPU
		{23210694-8967-4270-8045-7AC6C55408B2}.Release|x86.ActiveCfg = Release|Any CPU
		{23210694-8967-4270-8045-7AC6C55408B2}.Release|x86.Build.0 = Release|Any CPU
		{DCA65E82-854E-4114-8C58-198988F6EA7C}.Debug|Any CPU.ActiveCfg = Debug|Any CPU
		{DCA65E82-854E-4114-8C58-198988F6EA7C}.Debug|Any CPU.Build.0 = Debug|Any CPU
		{DCA65E82-854E-4114-8C58-198988F6EA7C}.Debug|x64.ActiveCfg = Debug|Any CPU
		{DCA65E82-854E-4114-8C58-198988F6EA7C}.Debug|x64.Build.0 = Debug|Any CPU
		{DCA65E82-854E-4114-8C58-198988F6EA7C}.Debug|x86.ActiveCfg = Debug|Any CPU
		{DCA65E82-854E-4114-8C58-198988F6EA7C}.Debug|x86.Build.0 = Debug|Any CPU
		{DCA65E82-854E-4114-8C58-198988F6EA7C}.Release|Any CPU.ActiveCfg = Release|Any CPU
		{DCA65E82-854E-4114-8C58-198988F6EA7C}.Release|Any CPU.Build.0 = Release|Any CPU
		{DCA65E82-854E-4114-8C58-198988F6EA7C}.Release|x64.ActiveCfg = Release|Any CPU
		{DCA65E82-854E-4114-8C58-198988F6EA7C}.Release|x64.Build.0 = Release|Any CPU
		{DCA65E82-854E-4114-8C58-198988F6EA7C}.Release|x86.ActiveCfg = Release|Any CPU
		{DCA65E82-854E-4114-8C58-198988F6EA7C}.Release|x86.Build.0 = Release|Any CPU
		{CE6A69CC-227D-43B7-8D38-DA7AE00E4854}.Debug|Any CPU.ActiveCfg = Debug|Any CPU
		{CE6A69CC-227D-43B7-8D38-DA7AE00E4854}.Debug|Any CPU.Build.0 = Debug|Any CPU
		{CE6A69CC-227D-43B7-8D38-DA7AE00E4854}.Debug|x64.ActiveCfg = Debug|Any CPU
		{CE6A69CC-227D-43B7-8D38-DA7AE00E4854}.Debug|x64.Build.0 = Debug|Any CPU
		{CE6A69CC-227D-43B7-8D38-DA7AE00E4854}.Debug|x86.ActiveCfg = Debug|Any CPU
		{CE6A69CC-227D-43B7-8D38-DA7AE00E4854}.Debug|x86.Build.0 = Debug|Any CPU
		{CE6A69CC-227D-43B7-8D38-DA7AE00E4854}.Release|Any CPU.ActiveCfg = Release|Any CPU
		{CE6A69CC-227D-43B7-8D38-DA7AE00E4854}.Release|Any CPU.Build.0 = Release|Any CPU
		{CE6A69CC-227D-43B7-8D38-DA7AE00E4854}.Release|x64.ActiveCfg = Release|Any CPU
		{CE6A69CC-227D-43B7-8D38-DA7AE00E4854}.Release|x64.Build.0 = Release|Any CPU
		{CE6A69CC-227D-43B7-8D38-DA7AE00E4854}.Release|x86.ActiveCfg = Release|Any CPU
		{CE6A69CC-227D-43B7-8D38-DA7AE00E4854}.Release|x86.Build.0 = Release|Any CPU
		{F2E6AB13-7032-4BC9-B7D1-29176983F4BC}.Debug|Any CPU.ActiveCfg = Debug|Any CPU
		{F2E6AB13-7032-4BC9-B7D1-29176983F4BC}.Debug|Any CPU.Build.0 = Debug|Any CPU
		{F2E6AB13-7032-4BC9-B7D1-29176983F4BC}.Debug|x64.ActiveCfg = Debug|Any CPU
		{F2E6AB13-7032-4BC9-B7D1-29176983F4BC}.Debug|x64.Build.0 = Debug|Any CPU
		{F2E6AB13-7032-4BC9-B7D1-29176983F4BC}.Debug|x86.ActiveCfg = Debug|Any CPU
		{F2E6AB13-7032-4BC9-B7D1-29176983F4BC}.Debug|x86.Build.0 = Debug|Any CPU
		{F2E6AB13-7032-4BC9-B7D1-29176983F4BC}.Release|Any CPU.ActiveCfg = Release|Any CPU
		{F2E6AB13-7032-4BC9-B7D1-29176983F4BC}.Release|Any CPU.Build.0 = Release|Any CPU
		{F2E6AB13-7032-4BC9-B7D1-29176983F4BC}.Release|x64.ActiveCfg = Release|Any CPU
		{F2E6AB13-7032-4BC9-B7D1-29176983F4BC}.Release|x64.Build.0 = Release|Any CPU
		{F2E6AB13-7032-4BC9-B7D1-29176983F4BC}.Release|x86.ActiveCfg = Release|Any CPU
		{F2E6AB13-7032-4BC9-B7D1-29176983F4BC}.Release|x86.Build.0 = Release|Any CPU
		{2F7756D8-9534-48C3-85F8-22A25E6AC4F9}.Debug|Any CPU.ActiveCfg = Debug|Any CPU
		{2F7756D8-9534-48C3-85F8-22A25E6AC4F9}.Debug|Any CPU.Build.0 = Debug|Any CPU
		{2F7756D8-9534-48C3-85F8-22A25E6AC4F9}.Debug|x64.ActiveCfg = Debug|Any CPU
		{2F7756D8-9534-48C3-85F8-22A25E6AC4F9}.Debug|x64.Build.0 = Debug|Any CPU
		{2F7756D8-9534-48C3-85F8-22A25E6AC4F9}.Debug|x86.ActiveCfg = Debug|Any CPU
		{2F7756D8-9534-48C3-85F8-22A25E6AC4F9}.Debug|x86.Build.0 = Debug|Any CPU
		{2F7756D8-9534-48C3-85F8-22A25E6AC4F9}.Release|Any CPU.ActiveCfg = Release|Any CPU
		{2F7756D8-9534-48C3-85F8-22A25E6AC4F9}.Release|Any CPU.Build.0 = Release|Any CPU
		{2F7756D8-9534-48C3-85F8-22A25E6AC4F9}.Release|x64.ActiveCfg = Release|Any CPU
		{2F7756D8-9534-48C3-85F8-22A25E6AC4F9}.Release|x64.Build.0 = Release|Any CPU
		{2F7756D8-9534-48C3-85F8-22A25E6AC4F9}.Release|x86.ActiveCfg = Release|Any CPU
		{2F7756D8-9534-48C3-85F8-22A25E6AC4F9}.Release|x86.Build.0 = Release|Any CPU
		{3EE51DE8-B410-4101-91F6-8859145919FA}.Debug|Any CPU.ActiveCfg = Debug|Any CPU
		{3EE51DE8-B410-4101-91F6-8859145919FA}.Debug|Any CPU.Build.0 = Debug|Any CPU
		{3EE51DE8-B410-4101-91F6-8859145919FA}.Debug|x64.ActiveCfg = Debug|Any CPU
		{3EE51DE8-B410-4101-91F6-8859145919FA}.Debug|x64.Build.0 = Debug|Any CPU
		{3EE51DE8-B410-4101-91F6-8859145919FA}.Debug|x86.ActiveCfg = Debug|Any CPU
		{3EE51DE8-B410-4101-91F6-8859145919FA}.Debug|x86.Build.0 = Debug|Any CPU
		{3EE51DE8-B410-4101-91F6-8859145919FA}.Release|Any CPU.ActiveCfg = Release|Any CPU
		{3EE51DE8-B410-4101-91F6-8859145919FA}.Release|Any CPU.Build.0 = Release|Any CPU
		{3EE51DE8-B410-4101-91F6-8859145919FA}.Release|x64.ActiveCfg = Release|Any CPU
		{3EE51DE8-B410-4101-91F6-8859145919FA}.Release|x64.Build.0 = Release|Any CPU
		{3EE51DE8-B410-4101-91F6-8859145919FA}.Release|x86.ActiveCfg = Release|Any CPU
		{3EE51DE8-B410-4101-91F6-8859145919FA}.Release|x86.Build.0 = Release|Any CPU
		{E071B2CD-2D6E-4902-B789-BA5E3400D318}.Debug|Any CPU.ActiveCfg = Debug|Any CPU
		{E071B2CD-2D6E-4902-B789-BA5E3400D318}.Debug|Any CPU.Build.0 = Debug|Any CPU
		{E071B2CD-2D6E-4902-B789-BA5E3400D318}.Debug|x64.ActiveCfg = Debug|Any CPU
		{E071B2CD-2D6E-4902-B789-BA5E3400D318}.Debug|x64.Build.0 = Debug|Any CPU
		{E071B2CD-2D6E-4902-B789-BA5E3400D318}.Debug|x86.ActiveCfg = Debug|Any CPU
		{E071B2CD-2D6E-4902-B789-BA5E3400D318}.Debug|x86.Build.0 = Debug|Any CPU
		{E071B2CD-2D6E-4902-B789-BA5E3400D318}.Release|Any CPU.ActiveCfg = Release|Any CPU
		{E071B2CD-2D6E-4902-B789-BA5E3400D318}.Release|Any CPU.Build.0 = Release|Any CPU
		{E071B2CD-2D6E-4902-B789-BA5E3400D318}.Release|x64.ActiveCfg = Release|Any CPU
		{E071B2CD-2D6E-4902-B789-BA5E3400D318}.Release|x64.Build.0 = Release|Any CPU
		{E071B2CD-2D6E-4902-B789-BA5E3400D318}.Release|x86.ActiveCfg = Release|Any CPU
		{E071B2CD-2D6E-4902-B789-BA5E3400D318}.Release|x86.Build.0 = Release|Any CPU
		{D85CA171-774A-4CC0-97F7-25C2DC0B92CA}.Debug|Any CPU.ActiveCfg = Debug|Any CPU
		{D85CA171-774A-4CC0-97F7-25C2DC0B92CA}.Debug|Any CPU.Build.0 = Debug|Any CPU
		{D85CA171-774A-4CC0-97F7-25C2DC0B92CA}.Debug|x64.ActiveCfg = Debug|Any CPU
		{D85CA171-774A-4CC0-97F7-25C2DC0B92CA}.Debug|x64.Build.0 = Debug|Any CPU
		{D85CA171-774A-4CC0-97F7-25C2DC0B92CA}.Debug|x86.ActiveCfg = Debug|Any CPU
		{D85CA171-774A-4CC0-97F7-25C2DC0B92CA}.Debug|x86.Build.0 = Debug|Any CPU
		{D85CA171-774A-4CC0-97F7-25C2DC0B92CA}.Release|Any CPU.ActiveCfg = Release|Any CPU
		{D85CA171-774A-4CC0-97F7-25C2DC0B92CA}.Release|Any CPU.Build.0 = Release|Any CPU
		{D85CA171-774A-4CC0-97F7-25C2DC0B92CA}.Release|x64.ActiveCfg = Release|Any CPU
		{D85CA171-774A-4CC0-97F7-25C2DC0B92CA}.Release|x64.Build.0 = Release|Any CPU
		{D85CA171-774A-4CC0-97F7-25C2DC0B92CA}.Release|x86.ActiveCfg = Release|Any CPU
		{D85CA171-774A-4CC0-97F7-25C2DC0B92CA}.Release|x86.Build.0 = Release|Any CPU
		{CE52B084-1725-4F01-908E-7B58D42BCE4E}.Debug|Any CPU.ActiveCfg = Debug|Any CPU
		{CE52B084-1725-4F01-908E-7B58D42BCE4E}.Debug|Any CPU.Build.0 = Debug|Any CPU
		{CE52B084-1725-4F01-908E-7B58D42BCE4E}.Debug|x64.ActiveCfg = Debug|Any CPU
		{CE52B084-1725-4F01-908E-7B58D42BCE4E}.Debug|x64.Build.0 = Debug|Any CPU
		{CE52B084-1725-4F01-908E-7B58D42BCE4E}.Debug|x86.ActiveCfg = Debug|Any CPU
		{CE52B084-1725-4F01-908E-7B58D42BCE4E}.Debug|x86.Build.0 = Debug|Any CPU
		{CE52B084-1725-4F01-908E-7B58D42BCE4E}.Release|Any CPU.ActiveCfg = Release|Any CPU
		{CE52B084-1725-4F01-908E-7B58D42BCE4E}.Release|Any CPU.Build.0 = Release|Any CPU
		{CE52B084-1725-4F01-908E-7B58D42BCE4E}.Release|x64.ActiveCfg = Release|Any CPU
		{CE52B084-1725-4F01-908E-7B58D42BCE4E}.Release|x64.Build.0 = Release|Any CPU
		{CE52B084-1725-4F01-908E-7B58D42BCE4E}.Release|x86.ActiveCfg = Release|Any CPU
		{CE52B084-1725-4F01-908E-7B58D42BCE4E}.Release|x86.Build.0 = Release|Any CPU
		{F20CEEAC-4280-4F49-AC56-E9892DD2A6B2}.Debug|Any CPU.ActiveCfg = Debug|Any CPU
		{F20CEEAC-4280-4F49-AC56-E9892DD2A6B2}.Debug|Any CPU.Build.0 = Debug|Any CPU
		{F20CEEAC-4280-4F49-AC56-E9892DD2A6B2}.Debug|x64.ActiveCfg = Debug|Any CPU
		{F20CEEAC-4280-4F49-AC56-E9892DD2A6B2}.Debug|x64.Build.0 = Debug|Any CPU
		{F20CEEAC-4280-4F49-AC56-E9892DD2A6B2}.Debug|x86.ActiveCfg = Debug|Any CPU
		{F20CEEAC-4280-4F49-AC56-E9892DD2A6B2}.Debug|x86.Build.0 = Debug|Any CPU
		{F20CEEAC-4280-4F49-AC56-E9892DD2A6B2}.Release|Any CPU.ActiveCfg = Release|Any CPU
		{F20CEEAC-4280-4F49-AC56-E9892DD2A6B2}.Release|Any CPU.Build.0 = Release|Any CPU
		{F20CEEAC-4280-4F49-AC56-E9892DD2A6B2}.Release|x64.ActiveCfg = Release|Any CPU
		{F20CEEAC-4280-4F49-AC56-E9892DD2A6B2}.Release|x64.Build.0 = Release|Any CPU
		{F20CEEAC-4280-4F49-AC56-E9892DD2A6B2}.Release|x86.ActiveCfg = Release|Any CPU
		{F20CEEAC-4280-4F49-AC56-E9892DD2A6B2}.Release|x86.Build.0 = Release|Any CPU
		{131422DD-AF64-4E30-A115-4C00CB962FEC}.Debug|Any CPU.ActiveCfg = Debug|Any CPU
		{131422DD-AF64-4E30-A115-4C00CB962FEC}.Debug|Any CPU.Build.0 = Debug|Any CPU
		{131422DD-AF64-4E30-A115-4C00CB962FEC}.Debug|x64.ActiveCfg = Debug|Any CPU
		{131422DD-AF64-4E30-A115-4C00CB962FEC}.Debug|x64.Build.0 = Debug|Any CPU
		{131422DD-AF64-4E30-A115-4C00CB962FEC}.Debug|x86.ActiveCfg = Debug|Any CPU
		{131422DD-AF64-4E30-A115-4C00CB962FEC}.Debug|x86.Build.0 = Debug|Any CPU
		{131422DD-AF64-4E30-A115-4C00CB962FEC}.Release|Any CPU.ActiveCfg = Release|Any CPU
		{131422DD-AF64-4E30-A115-4C00CB962FEC}.Release|Any CPU.Build.0 = Release|Any CPU
		{131422DD-AF64-4E30-A115-4C00CB962FEC}.Release|x64.ActiveCfg = Release|Any CPU
		{131422DD-AF64-4E30-A115-4C00CB962FEC}.Release|x64.Build.0 = Release|Any CPU
		{131422DD-AF64-4E30-A115-4C00CB962FEC}.Release|x86.ActiveCfg = Release|Any CPU
		{131422DD-AF64-4E30-A115-4C00CB962FEC}.Release|x86.Build.0 = Release|Any CPU
		{C664925E-0A3A-4B8C-A30F-FD339913A547}.Debug|Any CPU.ActiveCfg = Debug|Any CPU
		{C664925E-0A3A-4B8C-A30F-FD339913A547}.Debug|Any CPU.Build.0 = Debug|Any CPU
		{C664925E-0A3A-4B8C-A30F-FD339913A547}.Debug|x64.ActiveCfg = Debug|Any CPU
		{C664925E-0A3A-4B8C-A30F-FD339913A547}.Debug|x64.Build.0 = Debug|Any CPU
		{C664925E-0A3A-4B8C-A30F-FD339913A547}.Debug|x86.ActiveCfg = Debug|Any CPU
		{C664925E-0A3A-4B8C-A30F-FD339913A547}.Debug|x86.Build.0 = Debug|Any CPU
		{C664925E-0A3A-4B8C-A30F-FD339913A547}.Release|Any CPU.ActiveCfg = Release|Any CPU
		{C664925E-0A3A-4B8C-A30F-FD339913A547}.Release|Any CPU.Build.0 = Release|Any CPU
		{C664925E-0A3A-4B8C-A30F-FD339913A547}.Release|x64.ActiveCfg = Release|Any CPU
		{C664925E-0A3A-4B8C-A30F-FD339913A547}.Release|x64.Build.0 = Release|Any CPU
		{C664925E-0A3A-4B8C-A30F-FD339913A547}.Release|x86.ActiveCfg = Release|Any CPU
		{C664925E-0A3A-4B8C-A30F-FD339913A547}.Release|x86.Build.0 = Release|Any CPU
		{32FF6C01-E07F-48F0-B0B9-C2C40CDB754A}.Debug|Any CPU.ActiveCfg = Debug|Any CPU
		{32FF6C01-E07F-48F0-B0B9-C2C40CDB754A}.Debug|Any CPU.Build.0 = Debug|Any CPU
		{32FF6C01-E07F-48F0-B0B9-C2C40CDB754A}.Debug|x64.ActiveCfg = Debug|Any CPU
		{32FF6C01-E07F-48F0-B0B9-C2C40CDB754A}.Debug|x64.Build.0 = Debug|Any CPU
		{32FF6C01-E07F-48F0-B0B9-C2C40CDB754A}.Debug|x86.ActiveCfg = Debug|Any CPU
		{32FF6C01-E07F-48F0-B0B9-C2C40CDB754A}.Debug|x86.Build.0 = Debug|Any CPU
		{32FF6C01-E07F-48F0-B0B9-C2C40CDB754A}.Release|Any CPU.ActiveCfg = Release|Any CPU
		{32FF6C01-E07F-48F0-B0B9-C2C40CDB754A}.Release|Any CPU.Build.0 = Release|Any CPU
		{32FF6C01-E07F-48F0-B0B9-C2C40CDB754A}.Release|x64.ActiveCfg = Release|Any CPU
		{32FF6C01-E07F-48F0-B0B9-C2C40CDB754A}.Release|x64.Build.0 = Release|Any CPU
		{32FF6C01-E07F-48F0-B0B9-C2C40CDB754A}.Release|x86.ActiveCfg = Release|Any CPU
		{32FF6C01-E07F-48F0-B0B9-C2C40CDB754A}.Release|x86.Build.0 = Release|Any CPU
	EndGlobalSection
	GlobalSection(SolutionProperties) = preSolution
		HideSolutionNode = FALSE
	EndGlobalSection
	GlobalSection(NestedProjects) = preSolution
		{2EE730FE-3B69-4C91-9142-3A28AD26FD8D} = {902AB4C1-E49C-4E6F-A08E-384B3374F2D5}
		{D813B58F-5FB5-410A-B44B-F815DE3D5F95} = {2EE730FE-3B69-4C91-9142-3A28AD26FD8D}
		{5001C35D-11D8-415F-BEE1-F4AC8C9C602A} = {902AB4C1-E49C-4E6F-A08E-384B3374F2D5}
		{D624064C-7CF1-48A9-80BC-8D7FEBB0E7C2} = {5001C35D-11D8-415F-BEE1-F4AC8C9C602A}
		{F49E6D8F-720E-4E5E-BA8F-3C8BE9A0F284} = {5001C35D-11D8-415F-BEE1-F4AC8C9C602A}
		{269A5BA3-2FB6-4A45-81FC-B1CA5DBB436E} = {902AB4C1-E49C-4E6F-A08E-384B3374F2D5}
		{E1EB43DD-0EC8-48D4-8F31-421330B24D16} = {269A5BA3-2FB6-4A45-81FC-B1CA5DBB436E}
		{64046B0D-5E7E-4DA5-AB94-1C261A1A3AA6} = {269A5BA3-2FB6-4A45-81FC-B1CA5DBB436E}
		{B02B3938-5C9C-4878-9C95-08A3676EFB7D} = {688D59C5-22E8-4544-ADB3-4295CB994186}
		{6742E967-0097-4D8D-81D9-C51AF3A82A0E} = {B02B3938-5C9C-4878-9C95-08A3676EFB7D}
		{DF794671-B068-4C57-BD26-ADF7E564D0A5} = {688D59C5-22E8-4544-ADB3-4295CB994186}
		{49B79176-73E7-49E1-8952-C1371A3E1B8C} = {DF794671-B068-4C57-BD26-ADF7E564D0A5}
		{DD8B782B-8A5C-4271-8322-3A70CBFC8EDD} = {DF794671-B068-4C57-BD26-ADF7E564D0A5}
		{FDE7F436-54B8-4EC8-808C-7549C3310BCE} = {688D59C5-22E8-4544-ADB3-4295CB994186}
		{0D5FEF16-2BBC-4817-A00D-DAD07B81156B} = {FDE7F436-54B8-4EC8-808C-7549C3310BCE}
		{933711EB-8310-4E96-B5CF-D2F37F27399F} = {FDE7F436-54B8-4EC8-808C-7549C3310BCE}
		{FB2C828D-0524-4773-929D-1391F6CB7278} = {A1C5EE1D-C2DB-47F6-BFE7-D869C017F790}
		{AF571216-C758-4EC4-95BE-81B6FD5ED079} = {FB2C828D-0524-4773-929D-1391F6CB7278}
		{7A8189A8-DDFB-4544-9C59-CB44CC0661AA} = {A1C5EE1D-C2DB-47F6-BFE7-D869C017F790}
		{3A26C633-71EC-4081-8A05-9DEA59B2EB4A} = {7A8189A8-DDFB-4544-9C59-CB44CC0661AA}
		{84020607-BE2F-46C0-A710-3CAA0ECD20EA} = {A1C5EE1D-C2DB-47F6-BFE7-D869C017F790}
		{63E66115-95BA-4DCE-A98A-87C2703FCD0D} = {84020607-BE2F-46C0-A710-3CAA0ECD20EA}
		{2BD60324-08AC-4771-8930-2D5C6DCA3241} = {84020607-BE2F-46C0-A710-3CAA0ECD20EA}
		{BAC41CCC-F417-4EA5-8E8C-A5789777BBBF} = {7A8189A8-DDFB-4544-9C59-CB44CC0661AA}
		{A251B735-A722-48AA-859F-E709AB4750F9} = {C3A5EC80-9644-4D78-A241-E112443056AE}
		{A5ECEA9B-AE2B-4A36-8EAF-771EFC692CFC} = {A251B735-A722-48AA-859F-E709AB4750F9}
		{3DAF656E-9A7A-40D6-B8C6-3717DDBA0B4B} = {C3A5EC80-9644-4D78-A241-E112443056AE}
		{802348C8-0883-482A-934E-0E4B3BEE49F2} = {3DAF656E-9A7A-40D6-B8C6-3717DDBA0B4B}
		{23210694-8967-4270-8045-7AC6C55408B2} = {3DAF656E-9A7A-40D6-B8C6-3717DDBA0B4B}
		{F31D6570-67A0-4A61-ACF9-6F2EAF6194F9} = {C3A5EC80-9644-4D78-A241-E112443056AE}
		{DCA65E82-854E-4114-8C58-198988F6EA7C} = {F31D6570-67A0-4A61-ACF9-6F2EAF6194F9}
		{CE6A69CC-227D-43B7-8D38-DA7AE00E4854} = {F31D6570-67A0-4A61-ACF9-6F2EAF6194F9}
		{F688F5D8-9CAD-43E7-9CFD-987D01931F34} = {84449E2C-4ECC-453A-B9B3-39277A6FB16A}
		{F2E6AB13-7032-4BC9-B7D1-29176983F4BC} = {F688F5D8-9CAD-43E7-9CFD-987D01931F34}
		{6FB4D61E-BCAC-44F8-A40D-5F244C13A100} = {84449E2C-4ECC-453A-B9B3-39277A6FB16A}
		{2F7756D8-9534-48C3-85F8-22A25E6AC4F9} = {6FB4D61E-BCAC-44F8-A40D-5F244C13A100}
		{3EE51DE8-B410-4101-91F6-8859145919FA} = {6FB4D61E-BCAC-44F8-A40D-5F244C13A100}
		{4A2A47AD-D960-41E7-909F-6D6539EECF9E} = {84449E2C-4ECC-453A-B9B3-39277A6FB16A}
		{E071B2CD-2D6E-4902-B789-BA5E3400D318} = {4A2A47AD-D960-41E7-909F-6D6539EECF9E}
		{D85CA171-774A-4CC0-97F7-25C2DC0B92CA} = {4A2A47AD-D960-41E7-909F-6D6539EECF9E}
		{B1CA60EA-5E5A-4F16-A473-F413304DE623} = {13DF67D3-D2E6-4D33-8553-DFE61709D5DE}
		{CE52B084-1725-4F01-908E-7B58D42BCE4E} = {B1CA60EA-5E5A-4F16-A473-F413304DE623}
		{E7F2D02F-480A-4BE3-9426-17B53E29C657} = {13DF67D3-D2E6-4D33-8553-DFE61709D5DE}
		{F20CEEAC-4280-4F49-AC56-E9892DD2A6B2} = {E7F2D02F-480A-4BE3-9426-17B53E29C657}
		{131422DD-AF64-4E30-A115-4C00CB962FEC} = {E7F2D02F-480A-4BE3-9426-17B53E29C657}
		{A8E726D1-6AEC-434E-BE69-B445230A3EDD} = {13DF67D3-D2E6-4D33-8553-DFE61709D5DE}
		{C664925E-0A3A-4B8C-A30F-FD339913A547} = {A8E726D1-6AEC-434E-BE69-B445230A3EDD}
		{32FF6C01-E07F-48F0-B0B9-C2C40CDB754A} = {A8E726D1-6AEC-434E-BE69-B445230A3EDD}
	EndGlobalSection
	GlobalSection(ExtensibilityGlobals) = postSolution
		SolutionGuid = {0259057D-0C04-462F-91BF-B0491750DD58}
	EndGlobalSection
EndGlobal
